// !$*UTF8*$!
{
	archiveVersion = 1;
	classes = {
	};
	objectVersion = 56;
	objects = {

/* Begin PBXBuildFile section */
		2D0566345A0980C82C1F4659 /* Pods_LastBite.framework in Frameworks */ = {isa = PBXBuildFile; fileRef = EA49284CA19DAC2A478FBBF0 /* Pods_LastBite.framework */; };
		41A2F1CE2D86A32D006C467C /* HomeView.swift in Sources */ = {isa = PBXBuildFile; fileRef = 41A2F1CD2D86A32D006C467C /* HomeView.swift */; };
		41A2F1D52D86AAA6006C467C /* Info.plist in Resources */ = {isa = PBXBuildFile; fileRef = 41A2F1D32D86AAA6006C467C /* Info.plist */; };
		41A2F1D62D86AAA6006C467C /* Info.plist in Resources */ = {isa = PBXBuildFile; fileRef = 41A2F1D32D86AAA6006C467C /* Info.plist */; };
		41A2F1D92D86B9A0006C467C /* CategoryItemData.swift in Sources */ = {isa = PBXBuildFile; fileRef = 41A2F1D82D86B9A0006C467C /* CategoryItemData.swift */; };
		41A2F1DC2D86B9E0006C467C /* CategoryItemView.swift in Sources */ = {isa = PBXBuildFile; fileRef = 41A2F1DB2D86B9E0006C467C /* CategoryItemView.swift */; };
		41A2F1DE2D86BA0C006C467C /* CategorySectionView.swift in Sources */ = {isa = PBXBuildFile; fileRef = 41A2F1DD2D86BA0C006C467C /* CategorySectionView.swift */; };
		41A2F1E02D86BD2E006C467C /* MainTabView.swift in Sources */ = {isa = PBXBuildFile; fileRef = 41A2F1DF2D86BD2E006C467C /* MainTabView.swift */; };
		41D32C722D853AC500D08D54 /* Podfile in Resources */ = {isa = PBXBuildFile; fileRef = 41D32C712D853AC500D08D54 /* Podfile */; };
		41D32C732D853AC500D08D54 /* Podfile in Resources */ = {isa = PBXBuildFile; fileRef = 41D32C712D853AC500D08D54 /* Podfile */; };
		41D32C742D853AC500D08D54 /* Podfile in Resources */ = {isa = PBXBuildFile; fileRef = 41D32C712D853AC500D08D54 /* Podfile */; };
		860DE9F73C917DEE422C954B /* Pods_LastBite_LastBiteUITests.framework in Frameworks */ = {isa = PBXBuildFile; fileRef = 43701770524729CEF4EF2407 /* Pods_LastBite_LastBiteUITests.framework */; };
		ADEDA1C84A26254439006DCC /* Pods_LastBiteTests.framework in Frameworks */ = {isa = PBXBuildFile; fileRef = EB2EC236CA2AB824464BED0B /* Pods_LastBiteTests.framework */; };
		DE11E70C2D793C1000EB9862 /* LastBiteApp.swift in Sources */ = {isa = PBXBuildFile; fileRef = DE11E70B2D793C1000EB9862 /* LastBiteApp.swift */; };
		DE11E70E2D793C1000EB9862 /* ContentView.swift in Sources */ = {isa = PBXBuildFile; fileRef = DE11E70D2D793C1000EB9862 /* ContentView.swift */; };
		DE11E7102D793C1200EB9862 /* Assets.xcassets in Resources */ = {isa = PBXBuildFile; fileRef = DE11E70F2D793C1200EB9862 /* Assets.xcassets */; };
		DE11E7132D793C1200EB9862 /* Preview Assets.xcassets in Resources */ = {isa = PBXBuildFile; fileRef = DE11E7122D793C1200EB9862 /* Preview Assets.xcassets */; };
		DE11E71D2D793C1200EB9862 /* LastBiteTests.swift in Sources */ = {isa = PBXBuildFile; fileRef = DE11E71C2D793C1200EB9862 /* LastBiteTests.swift */; };
		DE11E7272D793C1200EB9862 /* LastBiteUITests.swift in Sources */ = {isa = PBXBuildFile; fileRef = DE11E7262D793C1200EB9862 /* LastBiteUITests.swift */; };
		DE11E7292D793C1200EB9862 /* LastBiteUITestsLaunchTests.swift in Sources */ = {isa = PBXBuildFile; fileRef = DE11E7282D793C1200EB9862 /* LastBiteUITestsLaunchTests.swift */; };
		DE11E7372D793D7500EB9862 /* SplashScreenView.swift in Sources */ = {isa = PBXBuildFile; fileRef = DE11E7362D793D7500EB9862 /* SplashScreenView.swift */; };
		DE11E7392D793DB600EB9862 /* WelcomeView.swift in Sources */ = {isa = PBXBuildFile; fileRef = DE11E7382D793DB600EB9862 /* WelcomeView.swift */; };
		DE11E7782D7947EE00EB9862 /* Assets.xcassets in Resources */ = {isa = PBXBuildFile; fileRef = DE11E70F2D793C1200EB9862 /* Assets.xcassets */; };
		DE11E7792D7947EF00EB9862 /* Assets.xcassets in Resources */ = {isa = PBXBuildFile; fileRef = DE11E70F2D793C1200EB9862 /* Assets.xcassets */; };
		DE2ACE062D7B4FAC00A7D749 /* PhoneNumberView.swift in Sources */ = {isa = PBXBuildFile; fileRef = DE2ACE052D7B4F7800A7D749 /* PhoneNumberView.swift */; };
		DE2ACE0C2D7BC8B600A7D749 /* ColorManager.swift in Sources */ = {isa = PBXBuildFile; fileRef = DE2ACE0B2D7BC8AE00A7D749 /* ColorManager.swift */; };
		DE2ACE0E2D7BD29300A7D749 /* FourDigitCode.swift in Sources */ = {isa = PBXBuildFile; fileRef = DE2ACE0D2D7BD28C00A7D749 /* FourDigitCode.swift */; };
		DE2ACE102D7BD74D00A7D749 /* LocationView.swift in Sources */ = {isa = PBXBuildFile; fileRef = DE2ACE0F2D7BD74800A7D749 /* LocationView.swift */; };
		DE4F751E2D794F4800F20D45 /* SignupView.swift in Sources */ = {isa = PBXBuildFile; fileRef = DE4F751D2D794F4800F20D45 /* SignupView.swift */; };
		DE4F751F2D794F4800F20D45 /* SignupView.swift in Sources */ = {isa = PBXBuildFile; fileRef = DE4F751D2D794F4800F20D45 /* SignupView.swift */; };
		DE4F75202D794F4800F20D45 /* SignupView.swift in Sources */ = {isa = PBXBuildFile; fileRef = DE4F751D2D794F4800F20D45 /* SignupView.swift */; };
		DEC0D35F2D7BE5E30006D9B4 /* SigninView.swift in Sources */ = {isa = PBXBuildFile; fileRef = DEC0D35E2D7BE5DD0006D9B4 /* SigninView.swift */; };
		DEC0D3632D7BFCAA0006D9B4 /* GoogleService-Info.plist in Resources */ = {isa = PBXBuildFile; fileRef = DEC0D3622D7BFCAA0006D9B4 /* GoogleService-Info.plist */; };
		DEC0D3642D7BFCAA0006D9B4 /* GoogleService-Info.plist in Resources */ = {isa = PBXBuildFile; fileRef = DEC0D3622D7BFCAA0006D9B4 /* GoogleService-Info.plist */; };
		DEC0D3652D7BFCAA0006D9B4 /* GoogleService-Info.plist in Resources */ = {isa = PBXBuildFile; fileRef = DEC0D3622D7BFCAA0006D9B4 /* GoogleService-Info.plist */; };
		DEC0D3692D7C03960006D9B4 /* FinalSignUp.swift in Sources */ = {isa = PBXBuildFile; fileRef = DEC0D3682D7C038B0006D9B4 /* FinalSignUp.swift */; };
		DEC0D3702D8105ED0006D9B4 /* Constants.swift in Sources */ = {isa = PBXBuildFile; fileRef = DEC0D36F2D8105E00006D9B4 /* Constants.swift */; };
		DEC0D3712D8105ED0006D9B4 /* Constants.swift in Sources */ = {isa = PBXBuildFile; fileRef = DEC0D36F2D8105E00006D9B4 /* Constants.swift */; };
		DEC0D3722D8105ED0006D9B4 /* Constants.swift in Sources */ = {isa = PBXBuildFile; fileRef = DEC0D36F2D8105E00006D9B4 /* Constants.swift */; };
		DEC0D3782D8108BD0006D9B4 /* ZoneService.swift in Sources */ = {isa = PBXBuildFile; fileRef = DEC0D3772D8108B50006D9B4 /* ZoneService.swift */; };
		DEC0D3792D8108BD0006D9B4 /* ZoneService.swift in Sources */ = {isa = PBXBuildFile; fileRef = DEC0D3772D8108B50006D9B4 /* ZoneService.swift */; };
		DEC0D37A2D8108BD0006D9B4 /* ZoneService.swift in Sources */ = {isa = PBXBuildFile; fileRef = DEC0D3772D8108B50006D9B4 /* ZoneService.swift */; };
		DEC0D3802D810C1C0006D9B4 /* SignupUserService.swift in Sources */ = {isa = PBXBuildFile; fileRef = DEC0D37F2D810C120006D9B4 /* SignupUserService.swift */; };
		DEC0D3812D810C1C0006D9B4 /* SignupUserService.swift in Sources */ = {isa = PBXBuildFile; fileRef = DEC0D37F2D810C120006D9B4 /* SignupUserService.swift */; };
		DEC0D3822D810C1C0006D9B4 /* SignupUserService.swift in Sources */ = {isa = PBXBuildFile; fileRef = DEC0D37F2D810C120006D9B4 /* SignupUserService.swift */; };
		DEC0D3842D81250A0006D9B4 /* SigninUserService.swift in Sources */ = {isa = PBXBuildFile; fileRef = DEC0D3832D8125030006D9B4 /* SigninUserService.swift */; };
		DEC0D3852D81250A0006D9B4 /* SigninUserService.swift in Sources */ = {isa = PBXBuildFile; fileRef = DEC0D3832D8125030006D9B4 /* SigninUserService.swift */; };
		DEC0D3862D81250A0006D9B4 /* SigninUserService.swift in Sources */ = {isa = PBXBuildFile; fileRef = DEC0D3832D8125030006D9B4 /* SigninUserService.swift */; };
/* End PBXBuildFile section */

/* Begin PBXContainerItemProxy section */
		DE11E7192D793C1200EB9862 /* PBXContainerItemProxy */ = {
			isa = PBXContainerItemProxy;
			containerPortal = DE11E7002D793C1000EB9862 /* Project object */;
			proxyType = 1;
			remoteGlobalIDString = DE11E7072D793C1000EB9862;
			remoteInfo = LastBite;
		};
		DE11E7232D793C1200EB9862 /* PBXContainerItemProxy */ = {
			isa = PBXContainerItemProxy;
			containerPortal = DE11E7002D793C1000EB9862 /* Project object */;
			proxyType = 1;
			remoteGlobalIDString = DE11E7072D793C1000EB9862;
			remoteInfo = LastBite;
		};
/* End PBXContainerItemProxy section */

/* Begin PBXFileReference section */
		03F148106758A64FEFEF9607 /* Pods-LastBite-LastBiteUITests.release.xcconfig */ = {isa = PBXFileReference; includeInIndex = 1; lastKnownFileType = text.xcconfig; name = "Pods-LastBite-LastBiteUITests.release.xcconfig"; path = "Target Support Files/Pods-LastBite-LastBiteUITests/Pods-LastBite-LastBiteUITests.release.xcconfig"; sourceTree = "<group>"; };
		41A2F1CD2D86A32D006C467C /* HomeView.swift */ = {isa = PBXFileReference; lastKnownFileType = sourcecode.swift; path = HomeView.swift; sourceTree = "<group>"; };
		41A2F1D32D86AAA6006C467C /* Info.plist */ = {isa = PBXFileReference; lastKnownFileType = text.plist.xml; path = Info.plist; sourceTree = "<group>"; };
		41A2F1D82D86B9A0006C467C /* CategoryItemData.swift */ = {isa = PBXFileReference; lastKnownFileType = sourcecode.swift; path = CategoryItemData.swift; sourceTree = "<group>"; };
		41A2F1DB2D86B9E0006C467C /* CategoryItemView.swift */ = {isa = PBXFileReference; lastKnownFileType = sourcecode.swift; path = CategoryItemView.swift; sourceTree = "<group>"; };
		41A2F1DD2D86BA0C006C467C /* CategorySectionView.swift */ = {isa = PBXFileReference; lastKnownFileType = sourcecode.swift; path = CategorySectionView.swift; sourceTree = "<group>"; };
		41A2F1DF2D86BD2E006C467C /* MainTabView.swift */ = {isa = PBXFileReference; lastKnownFileType = sourcecode.swift; path = MainTabView.swift; sourceTree = "<group>"; };
		41D32C712D853AC500D08D54 /* Podfile */ = {isa = PBXFileReference; lastKnownFileType = text; path = Podfile; sourceTree = "<group>"; xcLanguageSpecificationIdentifier = xcode.lang.ruby; };
		43701770524729CEF4EF2407 /* Pods_LastBite_LastBiteUITests.framework */ = {isa = PBXFileReference; explicitFileType = wrapper.framework; includeInIndex = 0; path = Pods_LastBite_LastBiteUITests.framework; sourceTree = BUILT_PRODUCTS_DIR; };
		483BAD0D8AAD3B21B2716729 /* Pods-LastBiteTests.debug.xcconfig */ = {isa = PBXFileReference; includeInIndex = 1; lastKnownFileType = text.xcconfig; name = "Pods-LastBiteTests.debug.xcconfig"; path = "Target Support Files/Pods-LastBiteTests/Pods-LastBiteTests.debug.xcconfig"; sourceTree = "<group>"; };
		92980C0455F4A31759E3C7E1 /* Pods-LastBiteTests.release.xcconfig */ = {isa = PBXFileReference; includeInIndex = 1; lastKnownFileType = text.xcconfig; name = "Pods-LastBiteTests.release.xcconfig"; path = "Target Support Files/Pods-LastBiteTests/Pods-LastBiteTests.release.xcconfig"; sourceTree = "<group>"; };
		A9A5D0E6CCD2D6A91A26926D /* Pods-LastBite.debug.xcconfig */ = {isa = PBXFileReference; includeInIndex = 1; lastKnownFileType = text.xcconfig; name = "Pods-LastBite.debug.xcconfig"; path = "Target Support Files/Pods-LastBite/Pods-LastBite.debug.xcconfig"; sourceTree = "<group>"; };
		D9CCE84FDE38B30F5FD8C7FC /* Pods-LastBite.release.xcconfig */ = {isa = PBXFileReference; includeInIndex = 1; lastKnownFileType = text.xcconfig; name = "Pods-LastBite.release.xcconfig"; path = "Target Support Files/Pods-LastBite/Pods-LastBite.release.xcconfig"; sourceTree = "<group>"; };
		DE11E7082D793C1000EB9862 /* LastBite.app */ = {isa = PBXFileReference; explicitFileType = wrapper.application; includeInIndex = 0; path = LastBite.app; sourceTree = BUILT_PRODUCTS_DIR; };
		DE11E70B2D793C1000EB9862 /* LastBiteApp.swift */ = {isa = PBXFileReference; lastKnownFileType = sourcecode.swift; path = LastBiteApp.swift; sourceTree = "<group>"; };
		DE11E70D2D793C1000EB9862 /* ContentView.swift */ = {isa = PBXFileReference; lastKnownFileType = sourcecode.swift; path = ContentView.swift; sourceTree = "<group>"; };
		DE11E70F2D793C1200EB9862 /* Assets.xcassets */ = {isa = PBXFileReference; lastKnownFileType = folder.assetcatalog; path = Assets.xcassets; sourceTree = "<group>"; };
		DE11E7122D793C1200EB9862 /* Preview Assets.xcassets */ = {isa = PBXFileReference; lastKnownFileType = folder.assetcatalog; path = "Preview Assets.xcassets"; sourceTree = "<group>"; };
		DE11E7182D793C1200EB9862 /* LastBiteTests.xctest */ = {isa = PBXFileReference; explicitFileType = wrapper.cfbundle; includeInIndex = 0; path = LastBiteTests.xctest; sourceTree = BUILT_PRODUCTS_DIR; };
		DE11E71C2D793C1200EB9862 /* LastBiteTests.swift */ = {isa = PBXFileReference; lastKnownFileType = sourcecode.swift; path = LastBiteTests.swift; sourceTree = "<group>"; };
		DE11E7222D793C1200EB9862 /* LastBiteUITests.xctest */ = {isa = PBXFileReference; explicitFileType = wrapper.cfbundle; includeInIndex = 0; path = LastBiteUITests.xctest; sourceTree = BUILT_PRODUCTS_DIR; };
		DE11E7262D793C1200EB9862 /* LastBiteUITests.swift */ = {isa = PBXFileReference; lastKnownFileType = sourcecode.swift; path = LastBiteUITests.swift; sourceTree = "<group>"; };
		DE11E7282D793C1200EB9862 /* LastBiteUITestsLaunchTests.swift */ = {isa = PBXFileReference; lastKnownFileType = sourcecode.swift; path = LastBiteUITestsLaunchTests.swift; sourceTree = "<group>"; };
		DE11E7362D793D7500EB9862 /* SplashScreenView.swift */ = {isa = PBXFileReference; lastKnownFileType = sourcecode.swift; path = SplashScreenView.swift; sourceTree = "<group>"; };
		DE11E7382D793DB600EB9862 /* WelcomeView.swift */ = {isa = PBXFileReference; lastKnownFileType = sourcecode.swift; path = WelcomeView.swift; sourceTree = "<group>"; };
		DE2ACE052D7B4F7800A7D749 /* PhoneNumberView.swift */ = {isa = PBXFileReference; lastKnownFileType = sourcecode.swift; path = PhoneNumberView.swift; sourceTree = "<group>"; };
		DE2ACE0B2D7BC8AE00A7D749 /* ColorManager.swift */ = {isa = PBXFileReference; lastKnownFileType = sourcecode.swift; path = ColorManager.swift; sourceTree = "<group>"; };
		DE2ACE0D2D7BD28C00A7D749 /* FourDigitCode.swift */ = {isa = PBXFileReference; lastKnownFileType = sourcecode.swift; path = FourDigitCode.swift; sourceTree = "<group>"; };
		DE2ACE0F2D7BD74800A7D749 /* LocationView.swift */ = {isa = PBXFileReference; lastKnownFileType = sourcecode.swift; path = LocationView.swift; sourceTree = "<group>"; };
		DE4F751D2D794F4800F20D45 /* SignupView.swift */ = {isa = PBXFileReference; lastKnownFileType = sourcecode.swift; path = SignupView.swift; sourceTree = "<group>"; };
		DEC0D35E2D7BE5DD0006D9B4 /* SigninView.swift */ = {isa = PBXFileReference; lastKnownFileType = sourcecode.swift; path = SigninView.swift; sourceTree = "<group>"; };
		DEC0D3622D7BFCAA0006D9B4 /* GoogleService-Info.plist */ = {isa = PBXFileReference; lastKnownFileType = text.plist.xml; path = "GoogleService-Info.plist"; sourceTree = "<group>"; };
		DEC0D3682D7C038B0006D9B4 /* FinalSignUp.swift */ = {isa = PBXFileReference; lastKnownFileType = sourcecode.swift; path = FinalSignUp.swift; sourceTree = "<group>"; };
		DEC0D36F2D8105E00006D9B4 /* Constants.swift */ = {isa = PBXFileReference; lastKnownFileType = sourcecode.swift; path = Constants.swift; sourceTree = "<group>"; };
		DEC0D3772D8108B50006D9B4 /* ZoneService.swift */ = {isa = PBXFileReference; lastKnownFileType = sourcecode.swift; path = ZoneService.swift; sourceTree = "<group>"; };
		DEC0D37F2D810C120006D9B4 /* SignupUserService.swift */ = {isa = PBXFileReference; lastKnownFileType = sourcecode.swift; path = SignupUserService.swift; sourceTree = "<group>"; };
		DEC0D3832D8125030006D9B4 /* SigninUserService.swift */ = {isa = PBXFileReference; lastKnownFileType = sourcecode.swift; path = SigninUserService.swift; sourceTree = "<group>"; };
		EA49284CA19DAC2A478FBBF0 /* Pods_LastBite.framework */ = {isa = PBXFileReference; explicitFileType = wrapper.framework; includeInIndex = 0; path = Pods_LastBite.framework; sourceTree = BUILT_PRODUCTS_DIR; };
		EB2EC236CA2AB824464BED0B /* Pods_LastBiteTests.framework */ = {isa = PBXFileReference; explicitFileType = wrapper.framework; includeInIndex = 0; path = Pods_LastBiteTests.framework; sourceTree = BUILT_PRODUCTS_DIR; };
		EF7CBFA9BDDA536AAB128359 /* Pods-LastBite-LastBiteUITests.debug.xcconfig */ = {isa = PBXFileReference; includeInIndex = 1; lastKnownFileType = text.xcconfig; name = "Pods-LastBite-LastBiteUITests.debug.xcconfig"; path = "Target Support Files/Pods-LastBite-LastBiteUITests/Pods-LastBite-LastBiteUITests.debug.xcconfig"; sourceTree = "<group>"; };
/* End PBXFileReference section */

/* Begin PBXFrameworksBuildPhase section */
		DE11E7052D793C1000EB9862 /* Frameworks */ = {
			isa = PBXFrameworksBuildPhase;
			buildActionMask = 2147483647;
			files = (
				2D0566345A0980C82C1F4659 /* Pods_LastBite.framework in Frameworks */,
			);
			runOnlyForDeploymentPostprocessing = 0;
		};
		DE11E7152D793C1200EB9862 /* Frameworks */ = {
			isa = PBXFrameworksBuildPhase;
			buildActionMask = 2147483647;
			files = (
				ADEDA1C84A26254439006DCC /* Pods_LastBiteTests.framework in Frameworks */,
			);
			runOnlyForDeploymentPostprocessing = 0;
		};
		DE11E71F2D793C1200EB9862 /* Frameworks */ = {
			isa = PBXFrameworksBuildPhase;
			buildActionMask = 2147483647;
			files = (
				860DE9F73C917DEE422C954B /* Pods_LastBite_LastBiteUITests.framework in Frameworks */,
			);
			runOnlyForDeploymentPostprocessing = 0;
		};
/* End PBXFrameworksBuildPhase section */

/* Begin PBXGroup section */
		41A2F1CC2D86A316006C467C /* Home */ = {
			isa = PBXGroup;
			children = (
				41A2F1CD2D86A32D006C467C /* HomeView.swift */,
			);
			path = Home;
			sourceTree = "<group>";
		};
		41A2F1D72D86B96D006C467C /* Models */ = {
			isa = PBXGroup;
			children = (
				41A2F1D82D86B9A0006C467C /* CategoryItemData.swift */,
			);
			path = Models;
			sourceTree = "<group>";
		};
		41A2F1DA2D86B9C8006C467C /* Components */ = {
			isa = PBXGroup;
			children = (
				41A2F1DB2D86B9E0006C467C /* CategoryItemView.swift */,
				41A2F1DD2D86BA0C006C467C /* CategorySectionView.swift */,
				41A2F1DF2D86BD2E006C467C /* MainTabView.swift */,
			);
			path = Components;
			sourceTree = "<group>";
		};
		B312962D6BFC9EE4D5DEC579 /* Frameworks */ = {
			isa = PBXGroup;
			children = (
				EA49284CA19DAC2A478FBBF0 /* Pods_LastBite.framework */,
				43701770524729CEF4EF2407 /* Pods_LastBite_LastBiteUITests.framework */,
				EB2EC236CA2AB824464BED0B /* Pods_LastBiteTests.framework */,
			);
			name = Frameworks;
			sourceTree = "<group>";
		};
		DE11E6FF2D793C1000EB9862 = {
			isa = PBXGroup;
			children = (
				41A2F1D32D86AAA6006C467C /* Info.plist */,
				41D32C712D853AC500D08D54 /* Podfile */,
				DEC0D3622D7BFCAA0006D9B4 /* GoogleService-Info.plist */,
				DE11E70A2D793C1000EB9862 /* LastBite */,
				DE11E71B2D793C1200EB9862 /* LastBiteTests */,
				DE11E7252D793C1200EB9862 /* LastBiteUITests */,
				DE11E7092D793C1000EB9862 /* Products */,
				E555CBDC9A1169B6F57F6AFC /* Pods */,
				B312962D6BFC9EE4D5DEC579 /* Frameworks */,
			);
			sourceTree = "<group>";
		};
		DE11E7092D793C1000EB9862 /* Products */ = {
			isa = PBXGroup;
			children = (
				DE11E7082D793C1000EB9862 /* LastBite.app */,
				DE11E7182D793C1200EB9862 /* LastBiteTests.xctest */,
				DE11E7222D793C1200EB9862 /* LastBiteUITests.xctest */,
			);
			name = Products;
			sourceTree = "<group>";
		};
		DE11E70A2D793C1000EB9862 /* LastBite */ = {
			isa = PBXGroup;
			children = (
				41A2F1D72D86B96D006C467C /* Models */,
				DEC0D36F2D8105E00006D9B4 /* Constants.swift */,
				DEC0D36A2D80F84B0006D9B4 /* Services */,
				DE11E7352D793D3800EB9862 /* Views */,
				DE11E70B2D793C1000EB9862 /* LastBiteApp.swift */,
				DE11E70F2D793C1200EB9862 /* Assets.xcassets */,
				DE11E7112D793C1200EB9862 /* Preview Content */,
			);
			path = LastBite;
			sourceTree = "<group>";
		};
		DE11E7112D793C1200EB9862 /* Preview Content */ = {
			isa = PBXGroup;
			children = (
				DE11E7122D793C1200EB9862 /* Preview Assets.xcassets */,
			);
			path = "Preview Content";
			sourceTree = "<group>";
		};
		DE11E71B2D793C1200EB9862 /* LastBiteTests */ = {
			isa = PBXGroup;
			children = (
				DE11E71C2D793C1200EB9862 /* LastBiteTests.swift */,
			);
			path = LastBiteTests;
			sourceTree = "<group>";
		};
		DE11E7252D793C1200EB9862 /* LastBiteUITests */ = {
			isa = PBXGroup;
			children = (
				DE11E7262D793C1200EB9862 /* LastBiteUITests.swift */,
				DE11E7282D793C1200EB9862 /* LastBiteUITestsLaunchTests.swift */,
			);
			path = LastBiteUITests;
			sourceTree = "<group>";
		};
		DE11E7352D793D3800EB9862 /* Views */ = {
			isa = PBXGroup;
			children = (
				41A2F1DA2D86B9C8006C467C /* Components */,
				41A2F1CC2D86A316006C467C /* Home */,
				DEC0D35D2D7BE5D50006D9B4 /* Signin */,
				DE2ACE112D7BDD0200A7D749 /* Signup */,
				DE2ACE0B2D7BC8AE00A7D749 /* ColorManager.swift */,
				DE11E70D2D793C1000EB9862 /* ContentView.swift */,
				DE11E7362D793D7500EB9862 /* SplashScreenView.swift */,
				DE11E7382D793DB600EB9862 /* WelcomeView.swift */,
			);
			path = Views;
			sourceTree = "<group>";
		};
		DE2ACE112D7BDD0200A7D749 /* Signup */ = {
			isa = PBXGroup;
			children = (
				DEC0D3682D7C038B0006D9B4 /* FinalSignUp.swift */,
				DE4F751D2D794F4800F20D45 /* SignupView.swift */,
				DE2ACE052D7B4F7800A7D749 /* PhoneNumberView.swift */,
				DE2ACE0D2D7BD28C00A7D749 /* FourDigitCode.swift */,
				DE2ACE0F2D7BD74800A7D749 /* LocationView.swift */,
			);
			path = Signup;
			sourceTree = "<group>";
		};
		DEC0D35D2D7BE5D50006D9B4 /* Signin */ = {
			isa = PBXGroup;
			children = (
				DEC0D35E2D7BE5DD0006D9B4 /* SigninView.swift */,
			);
			path = Signin;
			sourceTree = "<group>";
		};
		DEC0D36A2D80F84B0006D9B4 /* Services */ = {
			isa = PBXGroup;
			children = (
				DEC0D3832D8125030006D9B4 /* SigninUserService.swift */,
				DEC0D37F2D810C120006D9B4 /* SignupUserService.swift */,
				DEC0D3772D8108B50006D9B4 /* ZoneService.swift */,
			);
			path = Services;
			sourceTree = "<group>";
		};
		E555CBDC9A1169B6F57F6AFC /* Pods */ = {
			isa = PBXGroup;
			children = (
				A9A5D0E6CCD2D6A91A26926D /* Pods-LastBite.debug.xcconfig */,
				D9CCE84FDE38B30F5FD8C7FC /* Pods-LastBite.release.xcconfig */,
				EF7CBFA9BDDA536AAB128359 /* Pods-LastBite-LastBiteUITests.debug.xcconfig */,
				03F148106758A64FEFEF9607 /* Pods-LastBite-LastBiteUITests.release.xcconfig */,
				483BAD0D8AAD3B21B2716729 /* Pods-LastBiteTests.debug.xcconfig */,
				92980C0455F4A31759E3C7E1 /* Pods-LastBiteTests.release.xcconfig */,
			);
			path = Pods;
			sourceTree = "<group>";
		};
/* End PBXGroup section */

/* Begin PBXNativeTarget section */
		DE11E7072D793C1000EB9862 /* LastBite */ = {
			isa = PBXNativeTarget;
			buildConfigurationList = DE11E72C2D793C1200EB9862 /* Build configuration list for PBXNativeTarget "LastBite" */;
			buildPhases = (
				652E1DF4FA044291CA364643 /* [CP] Check Pods Manifest.lock */,
				DE11E7042D793C1000EB9862 /* Sources */,
				DE11E7052D793C1000EB9862 /* Frameworks */,
				DE11E7062D793C1000EB9862 /* Resources */,
				75EB7A09F76452E9736BBF54 /* [CP] Embed Pods Frameworks */,
			);
			buildRules = (
			);
			dependencies = (
			);
			name = LastBite;
			productName = LastBite;
			productReference = DE11E7082D793C1000EB9862 /* LastBite.app */;
			productType = "com.apple.product-type.application";
		};
		DE11E7172D793C1200EB9862 /* LastBiteTests */ = {
			isa = PBXNativeTarget;
			buildConfigurationList = DE11E72F2D793C1200EB9862 /* Build configuration list for PBXNativeTarget "LastBiteTests" */;
			buildPhases = (
				7B093ED98C3B32AAA8F9903F /* [CP] Check Pods Manifest.lock */,
				DE11E7142D793C1200EB9862 /* Sources */,
				DE11E7152D793C1200EB9862 /* Frameworks */,
				DE11E7162D793C1200EB9862 /* Resources */,
			);
			buildRules = (
			);
			dependencies = (
				DE11E71A2D793C1200EB9862 /* PBXTargetDependency */,
			);
			name = LastBiteTests;
			productName = LastBiteTests;
			productReference = DE11E7182D793C1200EB9862 /* LastBiteTests.xctest */;
			productType = "com.apple.product-type.bundle.unit-test";
		};
		DE11E7212D793C1200EB9862 /* LastBiteUITests */ = {
			isa = PBXNativeTarget;
			buildConfigurationList = DE11E7322D793C1200EB9862 /* Build configuration list for PBXNativeTarget "LastBiteUITests" */;
			buildPhases = (
				8ECD06AECF92DCF77A0443F1 /* [CP] Check Pods Manifest.lock */,
				DE11E71E2D793C1200EB9862 /* Sources */,
				DE11E71F2D793C1200EB9862 /* Frameworks */,
				DE11E7202D793C1200EB9862 /* Resources */,
				653AFFE82B98A521ED12F2CD /* [CP] Embed Pods Frameworks */,
			);
			buildRules = (
			);
			dependencies = (
				DE11E7242D793C1200EB9862 /* PBXTargetDependency */,
			);
			name = LastBiteUITests;
			productName = LastBiteUITests;
			productReference = DE11E7222D793C1200EB9862 /* LastBiteUITests.xctest */;
			productType = "com.apple.product-type.bundle.ui-testing";
		};
/* End PBXNativeTarget section */

/* Begin PBXProject section */
		DE11E7002D793C1000EB9862 /* Project object */ = {
			isa = PBXProject;
			attributes = {
				BuildIndependentTargetsInParallel = 1;
				LastSwiftUpdateCheck = 1420;
				LastUpgradeCheck = 1420;
				TargetAttributes = {
					DE11E7072D793C1000EB9862 = {
						CreatedOnToolsVersion = 14.2;
					};
					DE11E7172D793C1200EB9862 = {
						CreatedOnToolsVersion = 14.2;
						TestTargetID = DE11E7072D793C1000EB9862;
					};
					DE11E7212D793C1200EB9862 = {
						CreatedOnToolsVersion = 14.2;
						TestTargetID = DE11E7072D793C1000EB9862;
					};
				};
			};
			buildConfigurationList = DE11E7032D793C1000EB9862 /* Build configuration list for PBXProject "LastBite" */;
			compatibilityVersion = "Xcode 14.0";
			developmentRegion = en;
			hasScannedForEncodings = 0;
			knownRegions = (
				en,
				Base,
			);
			mainGroup = DE11E6FF2D793C1000EB9862;
			productRefGroup = DE11E7092D793C1000EB9862 /* Products */;
			projectDirPath = "";
			projectRoot = "";
			targets = (
				DE11E7072D793C1000EB9862 /* LastBite */,
				DE11E7172D793C1200EB9862 /* LastBiteTests */,
				DE11E7212D793C1200EB9862 /* LastBiteUITests */,
			);
		};
/* End PBXProject section */

/* Begin PBXResourcesBuildPhase section */
		DE11E7062D793C1000EB9862 /* Resources */ = {
			isa = PBXResourcesBuildPhase;
			buildActionMask = 2147483647;
			files = (
				DE11E7132D793C1200EB9862 /* Preview Assets.xcassets in Resources */,
				DEC0D3652D7BFCAA0006D9B4 /* GoogleService-Info.plist in Resources */,
				41D32C722D853AC500D08D54 /* Podfile in Resources */,
				DE11E7102D793C1200EB9862 /* Assets.xcassets in Resources */,
			);
			runOnlyForDeploymentPostprocessing = 0;
		};
		DE11E7162D793C1200EB9862 /* Resources */ = {
			isa = PBXResourcesBuildPhase;
			buildActionMask = 2147483647;
			files = (
				41A2F1D62D86AAA6006C467C /* Info.plist in Resources */,
				41D32C732D853AC500D08D54 /* Podfile in Resources */,
				DE11E7782D7947EE00EB9862 /* Assets.xcassets in Resources */,
				DEC0D3632D7BFCAA0006D9B4 /* GoogleService-Info.plist in Resources */,
			);
			runOnlyForDeploymentPostprocessing = 0;
		};
		DE11E7202D793C1200EB9862 /* Resources */ = {
			isa = PBXResourcesBuildPhase;
			buildActionMask = 2147483647;
			files = (
				41A2F1D52D86AAA6006C467C /* Info.plist in Resources */,
				41D32C742D853AC500D08D54 /* Podfile in Resources */,
				DE11E7792D7947EF00EB9862 /* Assets.xcassets in Resources */,
				DEC0D3642D7BFCAA0006D9B4 /* GoogleService-Info.plist in Resources */,
			);
			runOnlyForDeploymentPostprocessing = 0;
		};
/* End PBXResourcesBuildPhase section */

/* Begin PBXShellScriptBuildPhase section */
		652E1DF4FA044291CA364643 /* [CP] Check Pods Manifest.lock */ = {
			isa = PBXShellScriptBuildPhase;
			buildActionMask = 2147483647;
			files = (
			);
			inputFileListPaths = (
			);
			inputPaths = (
				"${PODS_PODFILE_DIR_PATH}/Podfile.lock",
				"${PODS_ROOT}/Manifest.lock",
			);
			name = "[CP] Check Pods Manifest.lock";
			outputFileListPaths = (
			);
			outputPaths = (
				"$(DERIVED_FILE_DIR)/Pods-LastBite-checkManifestLockResult.txt",
			);
			runOnlyForDeploymentPostprocessing = 0;
			shellPath = /bin/sh;
			shellScript = "diff \"${PODS_PODFILE_DIR_PATH}/Podfile.lock\" \"${PODS_ROOT}/Manifest.lock\" > /dev/null\nif [ $? != 0 ] ; then\n    # print error to STDERR\n    echo \"error: The sandbox is not in sync with the Podfile.lock. Run 'pod install' or update your CocoaPods installation.\" >&2\n    exit 1\nfi\n# This output is used by Xcode 'outputs' to avoid re-running this script phase.\necho \"SUCCESS\" > \"${SCRIPT_OUTPUT_FILE_0}\"\n";
			showEnvVarsInLog = 0;
		};
		653AFFE82B98A521ED12F2CD /* [CP] Embed Pods Frameworks */ = {
			isa = PBXShellScriptBuildPhase;
			buildActionMask = 2147483647;
			files = (
			);
			inputFileListPaths = (
				"${PODS_ROOT}/Target Support Files/Pods-LastBite-LastBiteUITests/Pods-LastBite-LastBiteUITests-frameworks-${CONFIGURATION}-input-files.xcfilelist",
			);
			name = "[CP] Embed Pods Frameworks";
			outputFileListPaths = (
				"${PODS_ROOT}/Target Support Files/Pods-LastBite-LastBiteUITests/Pods-LastBite-LastBiteUITests-frameworks-${CONFIGURATION}-output-files.xcfilelist",
			);
			runOnlyForDeploymentPostprocessing = 0;
			shellPath = /bin/sh;
			shellScript = "\"${PODS_ROOT}/Target Support Files/Pods-LastBite-LastBiteUITests/Pods-LastBite-LastBiteUITests-frameworks.sh\"\n";
			showEnvVarsInLog = 0;
		};
		75EB7A09F76452E9736BBF54 /* [CP] Embed Pods Frameworks */ = {
			isa = PBXShellScriptBuildPhase;
			buildActionMask = 2147483647;
			files = (
			);
			inputFileListPaths = (
				"${PODS_ROOT}/Target Support Files/Pods-LastBite/Pods-LastBite-frameworks-${CONFIGURATION}-input-files.xcfilelist",
			);
			name = "[CP] Embed Pods Frameworks";
			outputFileListPaths = (
				"${PODS_ROOT}/Target Support Files/Pods-LastBite/Pods-LastBite-frameworks-${CONFIGURATION}-output-files.xcfilelist",
			);
			runOnlyForDeploymentPostprocessing = 0;
			shellPath = /bin/sh;
			shellScript = "\"${PODS_ROOT}/Target Support Files/Pods-LastBite/Pods-LastBite-frameworks.sh\"\n";
			showEnvVarsInLog = 0;
		};
		7B093ED98C3B32AAA8F9903F /* [CP] Check Pods Manifest.lock */ = {
			isa = PBXShellScriptBuildPhase;
			buildActionMask = 2147483647;
			files = (
			);
			inputFileListPaths = (
			);
			inputPaths = (
				"${PODS_PODFILE_DIR_PATH}/Podfile.lock",
				"${PODS_ROOT}/Manifest.lock",
			);
			name = "[CP] Check Pods Manifest.lock";
			outputFileListPaths = (
			);
			outputPaths = (
				"$(DERIVED_FILE_DIR)/Pods-LastBiteTests-checkManifestLockResult.txt",
			);
			runOnlyForDeploymentPostprocessing = 0;
			shellPath = /bin/sh;
			shellScript = "diff \"${PODS_PODFILE_DIR_PATH}/Podfile.lock\" \"${PODS_ROOT}/Manifest.lock\" > /dev/null\nif [ $? != 0 ] ; then\n    # print error to STDERR\n    echo \"error: The sandbox is not in sync with the Podfile.lock. Run 'pod install' or update your CocoaPods installation.\" >&2\n    exit 1\nfi\n# This output is used by Xcode 'outputs' to avoid re-running this script phase.\necho \"SUCCESS\" > \"${SCRIPT_OUTPUT_FILE_0}\"\n";
			showEnvVarsInLog = 0;
		};
		8ECD06AECF92DCF77A0443F1 /* [CP] Check Pods Manifest.lock */ = {
			isa = PBXShellScriptBuildPhase;
			buildActionMask = 2147483647;
			files = (
			);
			inputFileListPaths = (
			);
			inputPaths = (
				"${PODS_PODFILE_DIR_PATH}/Podfile.lock",
				"${PODS_ROOT}/Manifest.lock",
			);
			name = "[CP] Check Pods Manifest.lock";
			outputFileListPaths = (
			);
			outputPaths = (
				"$(DERIVED_FILE_DIR)/Pods-LastBite-LastBiteUITests-checkManifestLockResult.txt",
			);
			runOnlyForDeploymentPostprocessing = 0;
			shellPath = /bin/sh;
			shellScript = "diff \"${PODS_PODFILE_DIR_PATH}/Podfile.lock\" \"${PODS_ROOT}/Manifest.lock\" > /dev/null\nif [ $? != 0 ] ; then\n    # print error to STDERR\n    echo \"error: The sandbox is not in sync with the Podfile.lock. Run 'pod install' or update your CocoaPods installation.\" >&2\n    exit 1\nfi\n# This output is used by Xcode 'outputs' to avoid re-running this script phase.\necho \"SUCCESS\" > \"${SCRIPT_OUTPUT_FILE_0}\"\n";
			showEnvVarsInLog = 0;
		};
/* End PBXShellScriptBuildPhase section */

/* Begin PBXSourcesBuildPhase section */
		DE11E7042D793C1000EB9862 /* Sources */ = {
			isa = PBXSourcesBuildPhase;
			buildActionMask = 2147483647;
			files = (
				DE2ACE0C2D7BC8B600A7D749 /* ColorManager.swift in Sources */,
				DEC0D3692D7C03960006D9B4 /* FinalSignUp.swift in Sources */,
				DE4F751E2D794F4800F20D45 /* SignupView.swift in Sources */,
				41A2F1DC2D86B9E0006C467C /* CategoryItemView.swift in Sources */,
				DEC0D35F2D7BE5E30006D9B4 /* SigninView.swift in Sources */,
				41A2F1D92D86B9A0006C467C /* CategoryItemData.swift in Sources */,
				DE11E70E2D793C1000EB9862 /* ContentView.swift in Sources */,
				DE2ACE062D7B4FAC00A7D749 /* PhoneNumberView.swift in Sources */,
				DEC0D3812D810C1C0006D9B4 /* SignupUserService.swift in Sources */,
				DEC0D3722D8105ED0006D9B4 /* Constants.swift in Sources */,
				41A2F1DE2D86BA0C006C467C /* CategorySectionView.swift in Sources */,
				DE11E70C2D793C1000EB9862 /* LastBiteApp.swift in Sources */,
				DEC0D37A2D8108BD0006D9B4 /* ZoneService.swift in Sources */,
				DE11E7372D793D7500EB9862 /* SplashScreenView.swift in Sources */,
				DE2ACE0E2D7BD29300A7D749 /* FourDigitCode.swift in Sources */,
				DEC0D3842D81250A0006D9B4 /* SigninUserService.swift in Sources */,
				41A2F1CE2D86A32D006C467C /* HomeView.swift in Sources */,
				DE2ACE102D7BD74D00A7D749 /* LocationView.swift in Sources */,
				DE11E7392D793DB600EB9862 /* WelcomeView.swift in Sources */,
				41A2F1E02D86BD2E006C467C /* MainTabView.swift in Sources */,
			);
			runOnlyForDeploymentPostprocessing = 0;
		};
		DE11E7142D793C1200EB9862 /* Sources */ = {
			isa = PBXSourcesBuildPhase;
			buildActionMask = 2147483647;
			files = (
				DEC0D3852D81250A0006D9B4 /* SigninUserService.swift in Sources */,
				DEC0D3782D8108BD0006D9B4 /* ZoneService.swift in Sources */,
				DE4F751F2D794F4800F20D45 /* SignupView.swift in Sources */,
				DE11E71D2D793C1200EB9862 /* LastBiteTests.swift in Sources */,
				DEC0D3712D8105ED0006D9B4 /* Constants.swift in Sources */,
				DEC0D3822D810C1C0006D9B4 /* SignupUserService.swift in Sources */,
			);
			runOnlyForDeploymentPostprocessing = 0;
		};
		DE11E71E2D793C1200EB9862 /* Sources */ = {
			isa = PBXSourcesBuildPhase;
			buildActionMask = 2147483647;
			files = (
				DEC0D3702D8105ED0006D9B4 /* Constants.swift in Sources */,
				DE4F75202D794F4800F20D45 /* SignupView.swift in Sources */,
				DEC0D3862D81250A0006D9B4 /* SigninUserService.swift in Sources */,
				DE11E7292D793C1200EB9862 /* LastBiteUITestsLaunchTests.swift in Sources */,
				DEC0D3792D8108BD0006D9B4 /* ZoneService.swift in Sources */,
				DEC0D3802D810C1C0006D9B4 /* SignupUserService.swift in Sources */,
				DE11E7272D793C1200EB9862 /* LastBiteUITests.swift in Sources */,
			);
			runOnlyForDeploymentPostprocessing = 0;
		};
/* End PBXSourcesBuildPhase section */

/* Begin PBXTargetDependency section */
		DE11E71A2D793C1200EB9862 /* PBXTargetDependency */ = {
			isa = PBXTargetDependency;
			target = DE11E7072D793C1000EB9862 /* LastBite */;
			targetProxy = DE11E7192D793C1200EB9862 /* PBXContainerItemProxy */;
		};
		DE11E7242D793C1200EB9862 /* PBXTargetDependency */ = {
			isa = PBXTargetDependency;
			target = DE11E7072D793C1000EB9862 /* LastBite */;
			targetProxy = DE11E7232D793C1200EB9862 /* PBXContainerItemProxy */;
		};
/* End PBXTargetDependency section */

/* Begin XCBuildConfiguration section */
		DE11E72A2D793C1200EB9862 /* Debug */ = {
			isa = XCBuildConfiguration;
			buildSettings = {
				ALWAYS_SEARCH_USER_PATHS = NO;
				CLANG_ANALYZER_NONNULL = YES;
				CLANG_ANALYZER_NUMBER_OBJECT_CONVERSION = YES_AGGRESSIVE;
				CLANG_CXX_LANGUAGE_STANDARD = "gnu++20";
				CLANG_ENABLE_MODULES = YES;
				CLANG_ENABLE_OBJC_ARC = YES;
				CLANG_ENABLE_OBJC_WEAK = YES;
				CLANG_WARN_BLOCK_CAPTURE_AUTORELEASING = YES;
				CLANG_WARN_BOOL_CONVERSION = YES;
				CLANG_WARN_COMMA = YES;
				CLANG_WARN_CONSTANT_CONVERSION = YES;
				CLANG_WARN_DEPRECATED_OBJC_IMPLEMENTATIONS = YES;
				CLANG_WARN_DIRECT_OBJC_ISA_USAGE = YES_ERROR;
				CLANG_WARN_DOCUMENTATION_COMMENTS = YES;
				CLANG_WARN_EMPTY_BODY = YES;
				CLANG_WARN_ENUM_CONVERSION = YES;
				CLANG_WARN_INFINITE_RECURSION = YES;
				CLANG_WARN_INT_CONVERSION = YES;
				CLANG_WARN_NON_LITERAL_NULL_CONVERSION = YES;
				CLANG_WARN_OBJC_IMPLICIT_RETAIN_SELF = YES;
				CLANG_WARN_OBJC_LITERAL_CONVERSION = YES;
				CLANG_WARN_OBJC_ROOT_CLASS = YES_ERROR;
				CLANG_WARN_QUOTED_INCLUDE_IN_FRAMEWORK_HEADER = YES;
				CLANG_WARN_RANGE_LOOP_ANALYSIS = YES;
				CLANG_WARN_STRICT_PROTOTYPES = YES;
				CLANG_WARN_SUSPICIOUS_MOVE = YES;
				CLANG_WARN_UNGUARDED_AVAILABILITY = YES_AGGRESSIVE;
				CLANG_WARN_UNREACHABLE_CODE = YES;
				CLANG_WARN__DUPLICATE_METHOD_MATCH = YES;
				COPY_PHASE_STRIP = NO;
				DEBUG_INFORMATION_FORMAT = dwarf;
				ENABLE_STRICT_OBJC_MSGSEND = YES;
				ENABLE_TESTABILITY = YES;
				GCC_C_LANGUAGE_STANDARD = gnu11;
				GCC_DYNAMIC_NO_PIC = NO;
				GCC_NO_COMMON_BLOCKS = YES;
				GCC_OPTIMIZATION_LEVEL = 0;
				GCC_PREPROCESSOR_DEFINITIONS = (
					"DEBUG=1",
					"$(inherited)",
				);
				GCC_WARN_64_TO_32_BIT_CONVERSION = YES;
				GCC_WARN_ABOUT_RETURN_TYPE = YES_ERROR;
				GCC_WARN_UNDECLARED_SELECTOR = YES;
				GCC_WARN_UNINITIALIZED_AUTOS = YES_AGGRESSIVE;
				GCC_WARN_UNUSED_FUNCTION = YES;
				GCC_WARN_UNUSED_VARIABLE = YES;
				IPHONEOS_DEPLOYMENT_TARGET = 16.2;
				MTL_ENABLE_DEBUG_INFO = INCLUDE_SOURCE;
				MTL_FAST_MATH = YES;
				ONLY_ACTIVE_ARCH = YES;
				SDKROOT = iphoneos;
				SWIFT_ACTIVE_COMPILATION_CONDITIONS = DEBUG;
				SWIFT_OPTIMIZATION_LEVEL = "-Onone";
			};
			name = Debug;
		};
		DE11E72B2D793C1200EB9862 /* Release */ = {
			isa = XCBuildConfiguration;
			buildSettings = {
				ALWAYS_SEARCH_USER_PATHS = NO;
				CLANG_ANALYZER_NONNULL = YES;
				CLANG_ANALYZER_NUMBER_OBJECT_CONVERSION = YES_AGGRESSIVE;
				CLANG_CXX_LANGUAGE_STANDARD = "gnu++20";
				CLANG_ENABLE_MODULES = YES;
				CLANG_ENABLE_OBJC_ARC = YES;
				CLANG_ENABLE_OBJC_WEAK = YES;
				CLANG_WARN_BLOCK_CAPTURE_AUTORELEASING = YES;
				CLANG_WARN_BOOL_CONVERSION = YES;
				CLANG_WARN_COMMA = YES;
				CLANG_WARN_CONSTANT_CONVERSION = YES;
				CLANG_WARN_DEPRECATED_OBJC_IMPLEMENTATIONS = YES;
				CLANG_WARN_DIRECT_OBJC_ISA_USAGE = YES_ERROR;
				CLANG_WARN_DOCUMENTATION_COMMENTS = YES;
				CLANG_WARN_EMPTY_BODY = YES;
				CLANG_WARN_ENUM_CONVERSION = YES;
				CLANG_WARN_INFINITE_RECURSION = YES;
				CLANG_WARN_INT_CONVERSION = YES;
				CLANG_WARN_NON_LITERAL_NULL_CONVERSION = YES;
				CLANG_WARN_OBJC_IMPLICIT_RETAIN_SELF = YES;
				CLANG_WARN_OBJC_LITERAL_CONVERSION = YES;
				CLANG_WARN_OBJC_ROOT_CLASS = YES_ERROR;
				CLANG_WARN_QUOTED_INCLUDE_IN_FRAMEWORK_HEADER = YES;
				CLANG_WARN_RANGE_LOOP_ANALYSIS = YES;
				CLANG_WARN_STRICT_PROTOTYPES = YES;
				CLANG_WARN_SUSPICIOUS_MOVE = YES;
				CLANG_WARN_UNGUARDED_AVAILABILITY = YES_AGGRESSIVE;
				CLANG_WARN_UNREACHABLE_CODE = YES;
				CLANG_WARN__DUPLICATE_METHOD_MATCH = YES;
				COPY_PHASE_STRIP = NO;
				DEBUG_INFORMATION_FORMAT = "dwarf-with-dsym";
				ENABLE_NS_ASSERTIONS = NO;
				ENABLE_STRICT_OBJC_MSGSEND = YES;
				GCC_C_LANGUAGE_STANDARD = gnu11;
				GCC_NO_COMMON_BLOCKS = YES;
				GCC_WARN_64_TO_32_BIT_CONVERSION = YES;
				GCC_WARN_ABOUT_RETURN_TYPE = YES_ERROR;
				GCC_WARN_UNDECLARED_SELECTOR = YES;
				GCC_WARN_UNINITIALIZED_AUTOS = YES_AGGRESSIVE;
				GCC_WARN_UNUSED_FUNCTION = YES;
				GCC_WARN_UNUSED_VARIABLE = YES;
				IPHONEOS_DEPLOYMENT_TARGET = 16.2;
				MTL_ENABLE_DEBUG_INFO = NO;
				MTL_FAST_MATH = YES;
				SDKROOT = iphoneos;
				SWIFT_COMPILATION_MODE = wholemodule;
				SWIFT_OPTIMIZATION_LEVEL = "-O";
				VALIDATE_PRODUCT = YES;
			};
			name = Release;
		};
		DE11E72D2D793C1200EB9862 /* Debug */ = {
			isa = XCBuildConfiguration;
			baseConfigurationReference = A9A5D0E6CCD2D6A91A26926D /* Pods-LastBite.debug.xcconfig */;
			buildSettings = {
				ASSETCATALOG_COMPILER_APPICON_NAME = AppIcon;
				ASSETCATALOG_COMPILER_GLOBAL_ACCENT_COLOR_NAME = AccentColor;
				CODE_SIGN_STYLE = Automatic;
				CURRENT_PROJECT_VERSION = 1;
				DEVELOPMENT_ASSET_PATHS = "\"LastBite/Preview Content\"";
				DEVELOPMENT_TEAM = W3QFYRJQQN;
				ENABLE_PREVIEWS = YES;
				GENERATE_INFOPLIST_FILE = NO;
				INFOPLIST_FILE = Info.plist;
				INFOPLIST_KEY_UIApplicationSceneManifest_Generation = YES;
				INFOPLIST_KEY_UIApplicationSupportsIndirectInputEvents = YES;
				INFOPLIST_KEY_UILaunchScreen_Generation = YES;
				INFOPLIST_KEY_UISupportedInterfaceOrientations_iPad = "UIInterfaceOrientationPortrait UIInterfaceOrientationPortraitUpsideDown UIInterfaceOrientationLandscapeLeft UIInterfaceOrientationLandscapeRight";
				INFOPLIST_KEY_UISupportedInterfaceOrientations_iPhone = "UIInterfaceOrientationPortrait UIInterfaceOrientationLandscapeLeft UIInterfaceOrientationLandscapeRight";
				LD_RUNPATH_SEARCH_PATHS = (
					"$(inherited)",
					"@executable_path/Frameworks",
				);
				MARKETING_VERSION = 1.0;
				PRODUCT_BUNDLE_IDENTIFIER = co.uniandes.LastBite;
				PRODUCT_NAME = "$(TARGET_NAME)";
				SWIFT_EMIT_LOC_STRINGS = YES;
				SWIFT_VERSION = 5.0;
				TARGETED_DEVICE_FAMILY = "1,2";
			};
			name = Debug;
		};
		DE11E72E2D793C1200EB9862 /* Release */ = {
			isa = XCBuildConfiguration;
			baseConfigurationReference = D9CCE84FDE38B30F5FD8C7FC /* Pods-LastBite.release.xcconfig */;
			buildSettings = {
				ASSETCATALOG_COMPILER_APPICON_NAME = AppIcon;
				ASSETCATALOG_COMPILER_GLOBAL_ACCENT_COLOR_NAME = AccentColor;
				CODE_SIGN_STYLE = Automatic;
				CURRENT_PROJECT_VERSION = 1;
				DEVELOPMENT_ASSET_PATHS = "\"LastBite/Preview Content\"";
				DEVELOPMENT_TEAM = W3QFYRJQQN;
				ENABLE_PREVIEWS = YES;
				GENERATE_INFOPLIST_FILE = NO;
				INFOPLIST_FILE = Info.plist;
				INFOPLIST_KEY_UIApplicationSceneManifest_Generation = YES;
				INFOPLIST_KEY_UIApplicationSupportsIndirectInputEvents = YES;
				INFOPLIST_KEY_UILaunchScreen_Generation = YES;
				INFOPLIST_KEY_UISupportedInterfaceOrientations_iPad = "UIInterfaceOrientationPortrait UIInterfaceOrientationPortraitUpsideDown UIInterfaceOrientationLandscapeLeft UIInterfaceOrientationLandscapeRight";
				INFOPLIST_KEY_UISupportedInterfaceOrientations_iPhone = "UIInterfaceOrientationPortrait UIInterfaceOrientationLandscapeLeft UIInterfaceOrientationLandscapeRight";
				LD_RUNPATH_SEARCH_PATHS = (
					"$(inherited)",
					"@executable_path/Frameworks",
				);
				MARKETING_VERSION = 1.0;
				PRODUCT_BUNDLE_IDENTIFIER = co.uniandes.LastBite;
				PRODUCT_NAME = "$(TARGET_NAME)";
				SWIFT_EMIT_LOC_STRINGS = YES;
				SWIFT_VERSION = 5.0;
				TARGETED_DEVICE_FAMILY = "1,2";
			};
			name = Release;
		};
		DE11E7302D793C1200EB9862 /* Debug */ = {
			isa = XCBuildConfiguration;
			baseConfigurationReference = 483BAD0D8AAD3B21B2716729 /* Pods-LastBiteTests.debug.xcconfig */;
			buildSettings = {
				ALWAYS_EMBED_SWIFT_STANDARD_LIBRARIES = YES;
				BUNDLE_LOADER = "$(TEST_HOST)";
				CODE_SIGN_STYLE = Automatic;
				CURRENT_PROJECT_VERSION = 1;
				DEVELOPMENT_TEAM = 585XBRU6ZG;
				GENERATE_INFOPLIST_FILE = YES;
				IPHONEOS_DEPLOYMENT_TARGET = 16.2;
				MARKETING_VERSION = 1.0;
				PRODUCT_BUNDLE_IDENTIFIER = co.uniandes.LastBiteTests;
				PRODUCT_NAME = "$(TARGET_NAME)";
				SWIFT_EMIT_LOC_STRINGS = NO;
				SWIFT_VERSION = 5.0;
				TARGETED_DEVICE_FAMILY = "1,2";
				TEST_HOST = "$(BUILT_PRODUCTS_DIR)/LastBite.app/$(BUNDLE_EXECUTABLE_FOLDER_PATH)/LastBite";
			};
			name = Debug;
		};
		DE11E7312D793C1200EB9862 /* Release */ = {
			isa = XCBuildConfiguration;
			baseConfigurationReference = 92980C0455F4A31759E3C7E1 /* Pods-LastBiteTests.release.xcconfig */;
			buildSettings = {
				ALWAYS_EMBED_SWIFT_STANDARD_LIBRARIES = YES;
				BUNDLE_LOADER = "$(TEST_HOST)";
				CODE_SIGN_STYLE = Automatic;
				CURRENT_PROJECT_VERSION = 1;
				DEVELOPMENT_TEAM = 585XBRU6ZG;
				GENERATE_INFOPLIST_FILE = YES;
				IPHONEOS_DEPLOYMENT_TARGET = 16.2;
				MARKETING_VERSION = 1.0;
				PRODUCT_BUNDLE_IDENTIFIER = co.uniandes.LastBiteTests;
				PRODUCT_NAME = "$(TARGET_NAME)";
				SWIFT_EMIT_LOC_STRINGS = NO;
				SWIFT_VERSION = 5.0;
				TARGETED_DEVICE_FAMILY = "1,2";
				TEST_HOST = "$(BUILT_PRODUCTS_DIR)/LastBite.app/$(BUNDLE_EXECUTABLE_FOLDER_PATH)/LastBite";
			};
			name = Release;
		};
		DE11E7332D793C1200EB9862 /* Debug */ = {
			isa = XCBuildConfiguration;
			baseConfigurationReference = EF7CBFA9BDDA536AAB128359 /* Pods-LastBite-LastBiteUITests.debug.xcconfig */;
			buildSettings = {
				ALWAYS_EMBED_SWIFT_STANDARD_LIBRARIES = YES;
				CODE_SIGN_STYLE = Automatic;
				CURRENT_PROJECT_VERSION = 1;
				DEVELOPMENT_TEAM = 585XBRU6ZG;
				GENERATE_INFOPLIST_FILE = YES;
				MARKETING_VERSION = 1.0;
				PRODUCT_BUNDLE_IDENTIFIER = co.uniandes.LastBiteUITests;
				PRODUCT_NAME = "$(TARGET_NAME)";
				SWIFT_EMIT_LOC_STRINGS = NO;
				SWIFT_VERSION = 5.0;
				TARGETED_DEVICE_FAMILY = "1,2";
				TEST_TARGET_NAME = LastBite;
			};
			name = Debug;
		};
		DE11E7342D793C1200EB9862 /* Release */ = {
			isa = XCBuildConfiguration;
			baseConfigurationReference = 03F148106758A64FEFEF9607 /* Pods-LastBite-LastBiteUITests.release.xcconfig */;
			buildSettings = {
				ALWAYS_EMBED_SWIFT_STANDARD_LIBRARIES = YES;
				CODE_SIGN_STYLE = Automatic;
				CURRENT_PROJECT_VERSION = 1;
				DEVELOPMENT_TEAM = 585XBRU6ZG;
				GENERATE_INFOPLIST_FILE = YES;
				MARKETING_VERSION = 1.0;
				PRODUCT_BUNDLE_IDENTIFIER = co.uniandes.LastBiteUITests;
				PRODUCT_NAME = "$(TARGET_NAME)";
				SWIFT_EMIT_LOC_STRINGS = NO;
				SWIFT_VERSION = 5.0;
				TARGETED_DEVICE_FAMILY = "1,2";
				TEST_TARGET_NAME = LastBite;
			};
			name = Release;
		};
/* End XCBuildConfiguration section */

/* Begin XCConfigurationList section */
		DE11E7032D793C1000EB9862 /* Build configuration list for PBXProject "LastBite" */ = {
			isa = XCConfigurationList;
			buildConfigurations = (
				DE11E72A2D793C1200EB9862 /* Debug */,
				DE11E72B2D793C1200EB9862 /* Release */,
			);
			defaultConfigurationIsVisible = 0;
			defaultConfigurationName = Release;
		};
		DE11E72C2D793C1200EB9862 /* Build configuration list for PBXNativeTarget "LastBite" */ = {
			isa = XCConfigurationList;
			buildConfigurations = (
				DE11E72D2D793C1200EB9862 /* Debug */,
				DE11E72E2D793C1200EB9862 /* Release */,
			);
			defaultConfigurationIsVisible = 0;
			defaultConfigurationName = Release;
		};
		DE11E72F2D793C1200EB9862 /* Build configuration list for PBXNativeTarget "LastBiteTests" */ = {
			isa = XCConfigurationList;
			buildConfigurations = (
				DE11E7302D793C1200EB9862 /* Debug */,
				DE11E7312D793C1200EB9862 /* Release */,
			);
			defaultConfigurationIsVisible = 0;
			defaultConfigurationName = Release;
		};
		DE11E7322D793C1200EB9862 /* Build configuration list for PBXNativeTarget "LastBiteUITests" */ = {
			isa = XCConfigurationList;
			buildConfigurations = (
				DE11E7332D793C1200EB9862 /* Debug */,
				DE11E7342D793C1200EB9862 /* Release */,
			);
			defaultConfigurationIsVisible = 0;
			defaultConfigurationName = Release;
		};
/* End XCConfigurationList section */
	};
	rootObject = DE11E7002D793C1000EB9862 /* Project object */;
}
