// !$*UTF8*$!
{
	archiveVersion = 1;
	classes = {
	};
	objectVersion = 56;
	objects = {

/* Begin PBXBuildFile section */
		2D0566345A0980C82C1F4659 /* Pods_LastBite.framework in Frameworks */ = {isa = PBXBuildFile; fileRef = EA49284CA19DAC2A478FBBF0 /* Pods_LastBite.framework */; };
		4100F29A2D8911A9007FE254 /* ProductDetailView.swift in Sources */ = {isa = PBXBuildFile; fileRef = 4100F2992D8911A9007FE254 /* ProductDetailView.swift */; };
		410991D22DAE9A7E002B6270 /* PhoneNumberController.swift in Sources */ = {isa = PBXBuildFile; fileRef = 410991D12DAE9A7E002B6270 /* PhoneNumberController.swift */; };
		410991D42DAE9B4E002B6270 /* SignupController.swift in Sources */ = {isa = PBXBuildFile; fileRef = 410991D32DAE9B4E002B6270 /* SignupController.swift */; };
		410991D62DAE9C27002B6270 /* FinalSignUpController.swift in Sources */ = {isa = PBXBuildFile; fileRef = 410991D52DAE9C27002B6270 /* FinalSignUpController.swift */; };
		410991D82DAE9E2D002B6270 /* WelcomeController.swift in Sources */ = {isa = PBXBuildFile; fileRef = 410991D72DAE9E2D002B6270 /* WelcomeController.swift */; };
		410991DA2DAE9F9E002B6270 /* ProductDetailController.swift in Sources */ = {isa = PBXBuildFile; fileRef = 410991D92DAE9F9E002B6270 /* ProductDetailController.swift */; };
		410991E32DAED631002B6270 /* ServiceError.swift in Sources */ = {isa = PBXBuildFile; fileRef = 410991E22DAED631002B6270 /* ServiceError.swift */; };
		410991E72DAF2E2A002B6270 /* StoreRepository.swift in Sources */ = {isa = PBXBuildFile; fileRef = 410991E62DAF2E2A002B6270 /* StoreRepository.swift */; };
		410991EA2DAF2F3B002B6270 /* APIStoreRepository.swift in Sources */ = {isa = PBXBuildFile; fileRef = 410991E92DAF2F3B002B6270 /* APIStoreRepository.swift */; };
		410991EC2DAF31C8002B6270 /* OrderRepository.swift in Sources */ = {isa = PBXBuildFile; fileRef = 410991EB2DAF31C8002B6270 /* OrderRepository.swift */; };
		410991EE2DAF31E1002B6270 /* APIOrderRepository.swift in Sources */ = {isa = PBXBuildFile; fileRef = 410991ED2DAF31E1002B6270 /* APIOrderRepository.swift */; };
		410991F42DAF39BD002B6270 /* CartProtocol.swift in Sources */ = {isa = PBXBuildFile; fileRef = 410991F32DAF39BD002B6270 /* CartProtocol.swift */; };
		410991F62DAF3A06002B6270 /* APICartRepository.swift in Sources */ = {isa = PBXBuildFile; fileRef = 410991F52DAF3A06002B6270 /* APICartRepository.swift */; };
		4129DC0B2DBB02C0003E70B4 /* NetworkMonitor.swift in Sources */ = {isa = PBXBuildFile; fileRef = 4129DC0A2DBB02C0003E70B4 /* NetworkMonitor.swift */; };
		416BFA372D8E28B5006C77E1 /* OrderStatusView.swift in Sources */ = {isa = PBXBuildFile; fileRef = 416BFA362D8E28B5006C77E1 /* OrderStatusView.swift */; };
		416BFA3A2D8E6EC5006C77E1 /* LogoutView.swift in Sources */ = {isa = PBXBuildFile; fileRef = 416BFA392D8E6EC5006C77E1 /* LogoutView.swift */; };
		417CD0932DAD626200D63DFA /* Zone.swift in Sources */ = {isa = PBXBuildFile; fileRef = 417CD0922DAD626200D63DFA /* Zone.swift */; };
		417CD0952DAD627800D63DFA /* Area.swift in Sources */ = {isa = PBXBuildFile; fileRef = 417CD0942DAD627800D63DFA /* Area.swift */; };
		417CD0972DAD62B900D63DFA /* User.swift in Sources */ = {isa = PBXBuildFile; fileRef = 417CD0962DAD62B900D63DFA /* User.swift */; };
		417CD0992DAD62D000D63DFA /* Store.swift in Sources */ = {isa = PBXBuildFile; fileRef = 417CD0982DAD62D000D63DFA /* Store.swift */; };
		417CD09B2DAD62DA00D63DFA /* Product.swift in Sources */ = {isa = PBXBuildFile; fileRef = 417CD09A2DAD62DA00D63DFA /* Product.swift */; };
		417CD09D2DAD62EF00D63DFA /* Tag.swift in Sources */ = {isa = PBXBuildFile; fileRef = 417CD09C2DAD62EF00D63DFA /* Tag.swift */; };
		417CD09F2DAD62F900D63DFA /* Cart.swift in Sources */ = {isa = PBXBuildFile; fileRef = 417CD09E2DAD62F900D63DFA /* Cart.swift */; };
		417CD0A12DAD631A00D63DFA /* CartProduct.swift in Sources */ = {isa = PBXBuildFile; fileRef = 417CD0A02DAD631A00D63DFA /* CartProduct.swift */; };
		417CD0A32DAD632C00D63DFA /* DetailedCartProduct.swift in Sources */ = {isa = PBXBuildFile; fileRef = 417CD0A22DAD632C00D63DFA /* DetailedCartProduct.swift */; };
		417CD0A52DAD635600D63DFA /* Order.swift in Sources */ = {isa = PBXBuildFile; fileRef = 417CD0A42DAD635600D63DFA /* Order.swift */; };
		417CD0A82DAD6E7100D63DFA /* HomeController.swift in Sources */ = {isa = PBXBuildFile; fileRef = 417CD0A72DAD6E7100D63DFA /* HomeController.swift */; };
		417CD0AC2DAD720E00D63DFA /* SigninController.swift in Sources */ = {isa = PBXBuildFile; fileRef = 417CD0AB2DAD720E00D63DFA /* SigninController.swift */; };
		417CD0B02DAD74F100D63DFA /* CartController.swift in Sources */ = {isa = PBXBuildFile; fileRef = 417CD0AF2DAD74F100D63DFA /* CartController.swift */; };
		417CD0B22DAD753D00D63DFA /* CartItem.swift in Sources */ = {isa = PBXBuildFile; fileRef = 417CD0B12DAD753D00D63DFA /* CartItem.swift */; };
		417CD0B42DAD772000D63DFA /* CheckoutController.swift in Sources */ = {isa = PBXBuildFile; fileRef = 417CD0B32DAD772000D63DFA /* CheckoutController.swift */; };
		417CD0B62DAD7B1B00D63DFA /* CheckoutView.swift in Sources */ = {isa = PBXBuildFile; fileRef = 417CD0B52DAD7B1B00D63DFA /* CheckoutView.swift */; };
		417CD0B82DADA63D00D63DFA /* ProductController.swift in Sources */ = {isa = PBXBuildFile; fileRef = 417CD0B72DADA63D00D63DFA /* ProductController.swift */; };
		417CD0BA2DADDE4100D63DFA /* LocationController.swift in Sources */ = {isa = PBXBuildFile; fileRef = 417CD0B92DADDE4100D63DFA /* LocationController.swift */; };
		417CD0BC2DADFF2000D63DFA /* FourDigitCodeController.swift in Sources */ = {isa = PBXBuildFile; fileRef = 417CD0BB2DADFF2000D63DFA /* FourDigitCodeController.swift */; };
		4193FCF52DB9C3AA00A1C18E /* LocalCartRepository.swift in Sources */ = {isa = PBXBuildFile; fileRef = 4193FCF42DB9C3AA00A1C18E /* LocalCartRepository.swift */; };
		4193FCFA2DB9C54400A1C18E /* RealmCart.swift in Sources */ = {isa = PBXBuildFile; fileRef = 4193FCF92DB9C54400A1C18E /* RealmCart.swift */; };
		4193FCFC2DB9C56800A1C18E /* RealmCartItem.swift in Sources */ = {isa = PBXBuildFile; fileRef = 4193FCFB2DB9C56800A1C18E /* RealmCartItem.swift */; };
		4193FD022DB9EBBB00A1C18E /* RealmCartProduct.swift in Sources */ = {isa = PBXBuildFile; fileRef = 4193FD012DB9EBBB00A1C18E /* RealmCartProduct.swift */; };
		4193FD052DBA0CC600A1C18E /* HybridCartRepository.swift in Sources */ = {isa = PBXBuildFile; fileRef = 4193FD042DBA0CC600A1C18E /* HybridCartRepository.swift */; };
		41A2F1CE2D86A32D006C467C /* HomeView.swift in Sources */ = {isa = PBXBuildFile; fileRef = 41A2F1CD2D86A32D006C467C /* HomeView.swift */; };
		41A2F1D52D86AAA6006C467C /* Info.plist in Resources */ = {isa = PBXBuildFile; fileRef = 41A2F1D32D86AAA6006C467C /* Info.plist */; };
		41A2F1D62D86AAA6006C467C /* Info.plist in Resources */ = {isa = PBXBuildFile; fileRef = 41A2F1D32D86AAA6006C467C /* Info.plist */; };
		41A2F1D92D86B9A0006C467C /* CategoryItemData.swift in Sources */ = {isa = PBXBuildFile; fileRef = 41A2F1D82D86B9A0006C467C /* CategoryItemData.swift */; };
		41A2F1DC2D86B9E0006C467C /* CategoryItemView.swift in Sources */ = {isa = PBXBuildFile; fileRef = 41A2F1DB2D86B9E0006C467C /* CategoryItemView.swift */; };
		41A2F1DE2D86BA0C006C467C /* CategorySectionView.swift in Sources */ = {isa = PBXBuildFile; fileRef = 41A2F1DD2D86BA0C006C467C /* CategorySectionView.swift */; };
		41A2F1E02D86BD2E006C467C /* MainTabView.swift in Sources */ = {isa = PBXBuildFile; fileRef = 41A2F1DF2D86BD2E006C467C /* MainTabView.swift */; };
		41A4C2EB2DB0B3FF00190216 /* ZoneRepository.swift in Sources */ = {isa = PBXBuildFile; fileRef = 41A4C2EA2DB0B3FF00190216 /* ZoneRepository.swift */; };
		41A4C2ED2DB0B42200190216 /* APIZoneRepository.swift in Sources */ = {isa = PBXBuildFile; fileRef = 41A4C2EC2DB0B42200190216 /* APIZoneRepository.swift */; };
		41A4C2EF2DB0B6F000190216 /* AuthRepository.swift in Sources */ = {isa = PBXBuildFile; fileRef = 41A4C2EE2DB0B6F000190216 /* AuthRepository.swift */; };
		41A4C2F32DB0B73800190216 /* APIAuthRepository.swift in Sources */ = {isa = PBXBuildFile; fileRef = 41A4C2F22DB0B73800190216 /* APIAuthRepository.swift */; };
		41A4D5212D8C69B1006EDEBA /* OrderAcceptedView.swift in Sources */ = {isa = PBXBuildFile; fileRef = 41A4D5202D8C69B1006EDEBA /* OrderAcceptedView.swift */; };
		41A4D5272D8C7151006EDEBA /* CartView.swift in Sources */ = {isa = PBXBuildFile; fileRef = 41A4D5262D8C7151006EDEBA /* CartView.swift */; };
		41D32C722D853AC500D08D54 /* Podfile in Resources */ = {isa = PBXBuildFile; fileRef = 41D32C712D853AC500D08D54 /* Podfile */; };
		41D32C732D853AC500D08D54 /* Podfile in Resources */ = {isa = PBXBuildFile; fileRef = 41D32C712D853AC500D08D54 /* Podfile */; };
		41D32C742D853AC500D08D54 /* Podfile in Resources */ = {isa = PBXBuildFile; fileRef = 41D32C712D853AC500D08D54 /* Podfile */; };
		41DBA0262DB404D000841B2A /* ProductRepository.swift in Sources */ = {isa = PBXBuildFile; fileRef = 41DBA0252DB404D000841B2A /* ProductRepository.swift */; };
		41DBA0282DB4050600841B2A /* APIProductRepository.swift in Sources */ = {isa = PBXBuildFile; fileRef = 41DBA0272DB4050600841B2A /* APIProductRepository.swift */; };
		41DBA02A2DB4053000841B2A /* TagRepository.swift in Sources */ = {isa = PBXBuildFile; fileRef = 41DBA0292DB4053000841B2A /* TagRepository.swift */; };
		41DBA02C2DB4055D00841B2A /* APITagRepository.swift in Sources */ = {isa = PBXBuildFile; fileRef = 41DBA02B2DB4055D00841B2A /* APITagRepository.swift */; };
		860DE9F73C917DEE422C954B /* Pods_LastBite_LastBiteUITests.framework in Frameworks */ = {isa = PBXBuildFile; fileRef = 43701770524729CEF4EF2407 /* Pods_LastBite_LastBiteUITests.framework */; };
		ADEDA1C84A26254439006DCC /* Pods_LastBiteTests.framework in Frameworks */ = {isa = PBXBuildFile; fileRef = EB2EC236CA2AB824464BED0B /* Pods_LastBiteTests.framework */; };
		DE11E70C2D793C1000EB9862 /* LastBiteApp.swift in Sources */ = {isa = PBXBuildFile; fileRef = DE11E70B2D793C1000EB9862 /* LastBiteApp.swift */; };
		DE11E70E2D793C1000EB9862 /* ContentView.swift in Sources */ = {isa = PBXBuildFile; fileRef = DE11E70D2D793C1000EB9862 /* ContentView.swift */; };
		DE11E7102D793C1200EB9862 /* Assets.xcassets in Resources */ = {isa = PBXBuildFile; fileRef = DE11E70F2D793C1200EB9862 /* Assets.xcassets */; };
		DE11E7132D793C1200EB9862 /* Preview Assets.xcassets in Resources */ = {isa = PBXBuildFile; fileRef = DE11E7122D793C1200EB9862 /* Preview Assets.xcassets */; };
		DE11E71D2D793C1200EB9862 /* LastBiteTests.swift in Sources */ = {isa = PBXBuildFile; fileRef = DE11E71C2D793C1200EB9862 /* LastBiteTests.swift */; };
		DE11E7272D793C1200EB9862 /* LastBiteUITests.swift in Sources */ = {isa = PBXBuildFile; fileRef = DE11E7262D793C1200EB9862 /* LastBiteUITests.swift */; };
		DE11E7292D793C1200EB9862 /* LastBiteUITestsLaunchTests.swift in Sources */ = {isa = PBXBuildFile; fileRef = DE11E7282D793C1200EB9862 /* LastBiteUITestsLaunchTests.swift */; };
		DE11E7372D793D7500EB9862 /* SplashScreenView.swift in Sources */ = {isa = PBXBuildFile; fileRef = DE11E7362D793D7500EB9862 /* SplashScreenView.swift */; };
		DE11E7392D793DB600EB9862 /* WelcomeView.swift in Sources */ = {isa = PBXBuildFile; fileRef = DE11E7382D793DB600EB9862 /* WelcomeView.swift */; };
		DE11E7782D7947EE00EB9862 /* Assets.xcassets in Resources */ = {isa = PBXBuildFile; fileRef = DE11E70F2D793C1200EB9862 /* Assets.xcassets */; };
		DE11E7792D7947EF00EB9862 /* Assets.xcassets in Resources */ = {isa = PBXBuildFile; fileRef = DE11E70F2D793C1200EB9862 /* Assets.xcassets */; };
		DE2ACE062D7B4FAC00A7D749 /* PhoneNumberView.swift in Sources */ = {isa = PBXBuildFile; fileRef = DE2ACE052D7B4F7800A7D749 /* PhoneNumberView.swift */; };
		DE2ACE0C2D7BC8B600A7D749 /* ColorManager.swift in Sources */ = {isa = PBXBuildFile; fileRef = DE2ACE0B2D7BC8AE00A7D749 /* ColorManager.swift */; };
		DE2ACE0E2D7BD29300A7D749 /* FourDigitCode.swift in Sources */ = {isa = PBXBuildFile; fileRef = DE2ACE0D2D7BD28C00A7D749 /* FourDigitCode.swift */; };
		DE2ACE102D7BD74D00A7D749 /* LocationView.swift in Sources */ = {isa = PBXBuildFile; fileRef = DE2ACE0F2D7BD74800A7D749 /* LocationView.swift */; };
		DE4F751E2D794F4800F20D45 /* SignupView.swift in Sources */ = {isa = PBXBuildFile; fileRef = DE4F751D2D794F4800F20D45 /* SignupView.swift */; };
		DE4F751F2D794F4800F20D45 /* SignupView.swift in Sources */ = {isa = PBXBuildFile; fileRef = DE4F751D2D794F4800F20D45 /* SignupView.swift */; };
		DE4F75202D794F4800F20D45 /* SignupView.swift in Sources */ = {isa = PBXBuildFile; fileRef = DE4F751D2D794F4800F20D45 /* SignupView.swift */; };
		DE5BA1512DBC994E00477A43 /* ProductType.swift in Sources */ = {isa = PBXBuildFile; fileRef = DE5BA1502DBC994400477A43 /* ProductType.swift */; };
		DE6292192DB880D8005B81A0 /* KFImageView.swift in Sources */ = {isa = PBXBuildFile; fileRef = DE6292182DB880BB005B81A0 /* KFImageView.swift */; };
		DE62921D2DB9D38D005B81A0 /* CreateProductView.swift in Sources */ = {isa = PBXBuildFile; fileRef = DE62921C2DB9D383005B81A0 /* CreateProductView.swift */; };
		DE62921F2DB9DEE0005B81A0 /* ProductCreateRequest.swift in Sources */ = {isa = PBXBuildFile; fileRef = DE62921E2DB9DED8005B81A0 /* ProductCreateRequest.swift */; };
		DE6292212DB9E828005B81A0 /* FireBaseService.swift in Sources */ = {isa = PBXBuildFile; fileRef = DE6292202DB9E821005B81A0 /* FireBaseService.swift */; };
		DE6292222DB9E828005B81A0 /* FireBaseService.swift in Sources */ = {isa = PBXBuildFile; fileRef = DE6292202DB9E821005B81A0 /* FireBaseService.swift */; };
		DE6292232DB9E828005B81A0 /* FireBaseService.swift in Sources */ = {isa = PBXBuildFile; fileRef = DE6292202DB9E821005B81A0 /* FireBaseService.swift */; };
		DE678C972D8BA070004485D2 /* StoreService.swift in Sources */ = {isa = PBXBuildFile; fileRef = DE678C962D8BA06B004485D2 /* StoreService.swift */; };
		DE678C982D8BA070004485D2 /* StoreService.swift in Sources */ = {isa = PBXBuildFile; fileRef = DE678C962D8BA06B004485D2 /* StoreService.swift */; };
		DE678C992D8BA070004485D2 /* StoreService.swift in Sources */ = {isa = PBXBuildFile; fileRef = DE678C962D8BA06B004485D2 /* StoreService.swift */; };
		DE678C9B2D8BA930004485D2 /* ProductView.swift in Sources */ = {isa = PBXBuildFile; fileRef = DE678C9A2D8BA92B004485D2 /* ProductView.swift */; };
		DE678C9D2D8BAB4F004485D2 /* ProductService.swift in Sources */ = {isa = PBXBuildFile; fileRef = DE678C9C2D8BAB47004485D2 /* ProductService.swift */; };
		DE678C9E2D8BAB4F004485D2 /* ProductService.swift in Sources */ = {isa = PBXBuildFile; fileRef = DE678C9C2D8BAB47004485D2 /* ProductService.swift */; };
		DE678C9F2D8BAB4F004485D2 /* ProductService.swift in Sources */ = {isa = PBXBuildFile; fileRef = DE678C9C2D8BAB47004485D2 /* ProductService.swift */; };
		DE678CA12D8BBBDC004485D2 /* TagService.swift in Sources */ = {isa = PBXBuildFile; fileRef = DE678CA02D8BBBD8004485D2 /* TagService.swift */; };
		DE678CA22D8BBBDC004485D2 /* TagService.swift in Sources */ = {isa = PBXBuildFile; fileRef = DE678CA02D8BBBD8004485D2 /* TagService.swift */; };
		DE678CA32D8BBBDC004485D2 /* TagService.swift in Sources */ = {isa = PBXBuildFile; fileRef = DE678CA02D8BBBD8004485D2 /* TagService.swift */; };
		DE678CA62D8BC2A5004485D2 /* LocationManager.swift in Sources */ = {isa = PBXBuildFile; fileRef = DE678CA52D8BC29A004485D2 /* LocationManager.swift */; };
		DE678CA82D8C7FB2004485D2 /* GoogleService-Info.plist in Resources */ = {isa = PBXBuildFile; fileRef = DE678CA72D8C7FB2004485D2 /* GoogleService-Info.plist */; };
		DE678CA92D8C7FB2004485D2 /* GoogleService-Info.plist in Resources */ = {isa = PBXBuildFile; fileRef = DE678CA72D8C7FB2004485D2 /* GoogleService-Info.plist */; };
		DE678CAA2D8C7FB2004485D2 /* GoogleService-Info.plist in Resources */ = {isa = PBXBuildFile; fileRef = DE678CA72D8C7FB2004485D2 /* GoogleService-Info.plist */; };
		DE678CAC2D8CE21B004485D2 /* CartService.swift in Sources */ = {isa = PBXBuildFile; fileRef = DE678CAB2D8CE217004485D2 /* CartService.swift */; };
		DE678CAD2D8CE21B004485D2 /* CartService.swift in Sources */ = {isa = PBXBuildFile; fileRef = DE678CAB2D8CE217004485D2 /* CartService.swift */; };
		DE678CAE2D8CE21B004485D2 /* CartService.swift in Sources */ = {isa = PBXBuildFile; fileRef = DE678CAB2D8CE217004485D2 /* CartService.swift */; };
		DE678CB02D8CE376004485D2 /* CartProductService.swift in Sources */ = {isa = PBXBuildFile; fileRef = DE678CAF2D8CE36A004485D2 /* CartProductService.swift */; };
		DE678CB12D8CE376004485D2 /* CartProductService.swift in Sources */ = {isa = PBXBuildFile; fileRef = DE678CAF2D8CE36A004485D2 /* CartProductService.swift */; };
		DE678CB22D8CE376004485D2 /* CartProductService.swift in Sources */ = {isa = PBXBuildFile; fileRef = DE678CAF2D8CE36A004485D2 /* CartProductService.swift */; };
		DE678CB82D8E4D0A004485D2 /* OrderService.swift in Sources */ = {isa = PBXBuildFile; fileRef = DE678CB72D8E4D06004485D2 /* OrderService.swift */; };
		DE678CB92D8E4D0A004485D2 /* OrderService.swift in Sources */ = {isa = PBXBuildFile; fileRef = DE678CB72D8E4D06004485D2 /* OrderService.swift */; };
		DE678CBA2D8E4D0A004485D2 /* OrderService.swift in Sources */ = {isa = PBXBuildFile; fileRef = DE678CB72D8E4D06004485D2 /* OrderService.swift */; };
		DEC0D35F2D7BE5E30006D9B4 /* SigninView.swift in Sources */ = {isa = PBXBuildFile; fileRef = DEC0D35E2D7BE5DD0006D9B4 /* SigninView.swift */; };
		DEC0D3692D7C03960006D9B4 /* FinalSignUp.swift in Sources */ = {isa = PBXBuildFile; fileRef = DEC0D3682D7C038B0006D9B4 /* FinalSignUp.swift */; };
		DEC0D3702D8105ED0006D9B4 /* Constants.swift in Sources */ = {isa = PBXBuildFile; fileRef = DEC0D36F2D8105E00006D9B4 /* Constants.swift */; };
		DEC0D3712D8105ED0006D9B4 /* Constants.swift in Sources */ = {isa = PBXBuildFile; fileRef = DEC0D36F2D8105E00006D9B4 /* Constants.swift */; };
		DEC0D3722D8105ED0006D9B4 /* Constants.swift in Sources */ = {isa = PBXBuildFile; fileRef = DEC0D36F2D8105E00006D9B4 /* Constants.swift */; };
		DEC0D3782D8108BD0006D9B4 /* ZoneService.swift in Sources */ = {isa = PBXBuildFile; fileRef = DEC0D3772D8108B50006D9B4 /* ZoneService.swift */; };
		DEC0D3792D8108BD0006D9B4 /* ZoneService.swift in Sources */ = {isa = PBXBuildFile; fileRef = DEC0D3772D8108B50006D9B4 /* ZoneService.swift */; };
		DEC0D37A2D8108BD0006D9B4 /* ZoneService.swift in Sources */ = {isa = PBXBuildFile; fileRef = DEC0D3772D8108B50006D9B4 /* ZoneService.swift */; };
		DEC0D3802D810C1C0006D9B4 /* SignupUserService.swift in Sources */ = {isa = PBXBuildFile; fileRef = DEC0D37F2D810C120006D9B4 /* SignupUserService.swift */; };
		DEC0D3812D810C1C0006D9B4 /* SignupUserService.swift in Sources */ = {isa = PBXBuildFile; fileRef = DEC0D37F2D810C120006D9B4 /* SignupUserService.swift */; };
		DEC0D3822D810C1C0006D9B4 /* SignupUserService.swift in Sources */ = {isa = PBXBuildFile; fileRef = DEC0D37F2D810C120006D9B4 /* SignupUserService.swift */; };
		DEC0D3842D81250A0006D9B4 /* SigninUserService.swift in Sources */ = {isa = PBXBuildFile; fileRef = DEC0D3832D8125030006D9B4 /* SigninUserService.swift */; };
		DEC0D3852D81250A0006D9B4 /* SigninUserService.swift in Sources */ = {isa = PBXBuildFile; fileRef = DEC0D3832D8125030006D9B4 /* SigninUserService.swift */; };
		DEC0D3862D81250A0006D9B4 /* SigninUserService.swift in Sources */ = {isa = PBXBuildFile; fileRef = DEC0D3832D8125030006D9B4 /* SigninUserService.swift */; };
/* End PBXBuildFile section */

/* Begin PBXContainerItemProxy section */
		DE11E7192D793C1200EB9862 /* PBXContainerItemProxy */ = {
			isa = PBXContainerItemProxy;
			containerPortal = DE11E7002D793C1000EB9862 /* Project object */;
			proxyType = 1;
			remoteGlobalIDString = DE11E7072D793C1000EB9862;
			remoteInfo = LastBite;
		};
		DE11E7232D793C1200EB9862 /* PBXContainerItemProxy */ = {
			isa = PBXContainerItemProxy;
			containerPortal = DE11E7002D793C1000EB9862 /* Project object */;
			proxyType = 1;
			remoteGlobalIDString = DE11E7072D793C1000EB9862;
			remoteInfo = LastBite;
		};
/* End PBXContainerItemProxy section */

/* Begin PBXFileReference section */
		03F148106758A64FEFEF9607 /* Pods-LastBite-LastBiteUITests.release.xcconfig */ = {isa = PBXFileReference; includeInIndex = 1; lastKnownFileType = text.xcconfig; name = "Pods-LastBite-LastBiteUITests.release.xcconfig"; path = "Target Support Files/Pods-LastBite-LastBiteUITests/Pods-LastBite-LastBiteUITests.release.xcconfig"; sourceTree = "<group>"; };
		4100F2992D8911A9007FE254 /* ProductDetailView.swift */ = {isa = PBXFileReference; lastKnownFileType = sourcecode.swift; path = ProductDetailView.swift; sourceTree = "<group>"; };
		410991D12DAE9A7E002B6270 /* PhoneNumberController.swift */ = {isa = PBXFileReference; lastKnownFileType = sourcecode.swift; path = PhoneNumberController.swift; sourceTree = "<group>"; };
		410991D32DAE9B4E002B6270 /* SignupController.swift */ = {isa = PBXFileReference; lastKnownFileType = sourcecode.swift; path = SignupController.swift; sourceTree = "<group>"; };
		410991D52DAE9C27002B6270 /* FinalSignUpController.swift */ = {isa = PBXFileReference; lastKnownFileType = sourcecode.swift; path = FinalSignUpController.swift; sourceTree = "<group>"; };
		410991D72DAE9E2D002B6270 /* WelcomeController.swift */ = {isa = PBXFileReference; lastKnownFileType = sourcecode.swift; path = WelcomeController.swift; sourceTree = "<group>"; };
		410991D92DAE9F9E002B6270 /* ProductDetailController.swift */ = {isa = PBXFileReference; lastKnownFileType = sourcecode.swift; path = ProductDetailController.swift; sourceTree = "<group>"; };
		410991E22DAED631002B6270 /* ServiceError.swift */ = {isa = PBXFileReference; lastKnownFileType = sourcecode.swift; path = ServiceError.swift; sourceTree = "<group>"; };
		410991E62DAF2E2A002B6270 /* StoreRepository.swift */ = {isa = PBXFileReference; lastKnownFileType = sourcecode.swift; path = StoreRepository.swift; sourceTree = "<group>"; };
		410991E92DAF2F3B002B6270 /* APIStoreRepository.swift */ = {isa = PBXFileReference; lastKnownFileType = sourcecode.swift; path = APIStoreRepository.swift; sourceTree = "<group>"; };
		410991EB2DAF31C8002B6270 /* OrderRepository.swift */ = {isa = PBXFileReference; lastKnownFileType = sourcecode.swift; path = OrderRepository.swift; sourceTree = "<group>"; };
		410991ED2DAF31E1002B6270 /* APIOrderRepository.swift */ = {isa = PBXFileReference; lastKnownFileType = sourcecode.swift; path = APIOrderRepository.swift; sourceTree = "<group>"; };
		410991F32DAF39BD002B6270 /* CartProtocol.swift */ = {isa = PBXFileReference; lastKnownFileType = sourcecode.swift; path = CartProtocol.swift; sourceTree = "<group>"; };
		410991F52DAF3A06002B6270 /* APICartRepository.swift */ = {isa = PBXFileReference; lastKnownFileType = sourcecode.swift; path = APICartRepository.swift; sourceTree = "<group>"; };
		4129DC0A2DBB02C0003E70B4 /* NetworkMonitor.swift */ = {isa = PBXFileReference; lastKnownFileType = sourcecode.swift; path = NetworkMonitor.swift; sourceTree = "<group>"; };
		416BFA362D8E28B5006C77E1 /* OrderStatusView.swift */ = {isa = PBXFileReference; lastKnownFileType = sourcecode.swift; path = OrderStatusView.swift; sourceTree = "<group>"; };
		416BFA392D8E6EC5006C77E1 /* LogoutView.swift */ = {isa = PBXFileReference; lastKnownFileType = sourcecode.swift; path = LogoutView.swift; sourceTree = "<group>"; };
		417CD0922DAD626200D63DFA /* Zone.swift */ = {isa = PBXFileReference; lastKnownFileType = sourcecode.swift; path = Zone.swift; sourceTree = "<group>"; };
		417CD0942DAD627800D63DFA /* Area.swift */ = {isa = PBXFileReference; lastKnownFileType = sourcecode.swift; path = Area.swift; sourceTree = "<group>"; };
		417CD0962DAD62B900D63DFA /* User.swift */ = {isa = PBXFileReference; lastKnownFileType = sourcecode.swift; path = User.swift; sourceTree = "<group>"; };
		417CD0982DAD62D000D63DFA /* Store.swift */ = {isa = PBXFileReference; lastKnownFileType = sourcecode.swift; path = Store.swift; sourceTree = "<group>"; };
		417CD09A2DAD62DA00D63DFA /* Product.swift */ = {isa = PBXFileReference; lastKnownFileType = sourcecode.swift; path = Product.swift; sourceTree = "<group>"; };
		417CD09C2DAD62EF00D63DFA /* Tag.swift */ = {isa = PBXFileReference; lastKnownFileType = sourcecode.swift; path = Tag.swift; sourceTree = "<group>"; };
		417CD09E2DAD62F900D63DFA /* Cart.swift */ = {isa = PBXFileReference; lastKnownFileType = sourcecode.swift; path = Cart.swift; sourceTree = "<group>"; };
		417CD0A02DAD631A00D63DFA /* CartProduct.swift */ = {isa = PBXFileReference; lastKnownFileType = sourcecode.swift; path = CartProduct.swift; sourceTree = "<group>"; };
		417CD0A22DAD632C00D63DFA /* DetailedCartProduct.swift */ = {isa = PBXFileReference; lastKnownFileType = sourcecode.swift; path = DetailedCartProduct.swift; sourceTree = "<group>"; };
		417CD0A42DAD635600D63DFA /* Order.swift */ = {isa = PBXFileReference; lastKnownFileType = sourcecode.swift; path = Order.swift; sourceTree = "<group>"; };
		417CD0A72DAD6E7100D63DFA /* HomeController.swift */ = {isa = PBXFileReference; lastKnownFileType = sourcecode.swift; path = HomeController.swift; sourceTree = "<group>"; };
		417CD0AB2DAD720E00D63DFA /* SigninController.swift */ = {isa = PBXFileReference; lastKnownFileType = sourcecode.swift; path = SigninController.swift; sourceTree = "<group>"; };
		417CD0AF2DAD74F100D63DFA /* CartController.swift */ = {isa = PBXFileReference; lastKnownFileType = sourcecode.swift; path = CartController.swift; sourceTree = "<group>"; };
		417CD0B12DAD753D00D63DFA /* CartItem.swift */ = {isa = PBXFileReference; lastKnownFileType = sourcecode.swift; path = CartItem.swift; sourceTree = "<group>"; };
		417CD0B32DAD772000D63DFA /* CheckoutController.swift */ = {isa = PBXFileReference; lastKnownFileType = sourcecode.swift; path = CheckoutController.swift; sourceTree = "<group>"; };
		417CD0B52DAD7B1B00D63DFA /* CheckoutView.swift */ = {isa = PBXFileReference; lastKnownFileType = sourcecode.swift; path = CheckoutView.swift; sourceTree = "<group>"; };
		417CD0B72DADA63D00D63DFA /* ProductController.swift */ = {isa = PBXFileReference; lastKnownFileType = sourcecode.swift; path = ProductController.swift; sourceTree = "<group>"; };
		417CD0B92DADDE4100D63DFA /* LocationController.swift */ = {isa = PBXFileReference; lastKnownFileType = sourcecode.swift; path = LocationController.swift; sourceTree = "<group>"; };
		417CD0BB2DADFF2000D63DFA /* FourDigitCodeController.swift */ = {isa = PBXFileReference; lastKnownFileType = sourcecode.swift; path = FourDigitCodeController.swift; sourceTree = "<group>"; };
		4193FCF42DB9C3AA00A1C18E /* LocalCartRepository.swift */ = {isa = PBXFileReference; lastKnownFileType = sourcecode.swift; path = LocalCartRepository.swift; sourceTree = "<group>"; };
		4193FCF92DB9C54400A1C18E /* RealmCart.swift */ = {isa = PBXFileReference; lastKnownFileType = sourcecode.swift; path = RealmCart.swift; sourceTree = "<group>"; };
		4193FCFB2DB9C56800A1C18E /* RealmCartItem.swift */ = {isa = PBXFileReference; lastKnownFileType = sourcecode.swift; path = RealmCartItem.swift; sourceTree = "<group>"; };
		4193FD012DB9EBBB00A1C18E /* RealmCartProduct.swift */ = {isa = PBXFileReference; lastKnownFileType = sourcecode.swift; path = RealmCartProduct.swift; sourceTree = "<group>"; };
		4193FD042DBA0CC600A1C18E /* HybridCartRepository.swift */ = {isa = PBXFileReference; lastKnownFileType = sourcecode.swift; path = HybridCartRepository.swift; sourceTree = "<group>"; };
		41A2F1CD2D86A32D006C467C /* HomeView.swift */ = {isa = PBXFileReference; lastKnownFileType = sourcecode.swift; path = HomeView.swift; sourceTree = "<group>"; };
		41A2F1D32D86AAA6006C467C /* Info.plist */ = {isa = PBXFileReference; lastKnownFileType = text.plist.xml; path = Info.plist; sourceTree = "<group>"; };
		41A2F1D82D86B9A0006C467C /* CategoryItemData.swift */ = {isa = PBXFileReference; lastKnownFileType = sourcecode.swift; path = CategoryItemData.swift; sourceTree = "<group>"; };
		41A2F1DB2D86B9E0006C467C /* CategoryItemView.swift */ = {isa = PBXFileReference; lastKnownFileType = sourcecode.swift; path = CategoryItemView.swift; sourceTree = "<group>"; };
		41A2F1DD2D86BA0C006C467C /* CategorySectionView.swift */ = {isa = PBXFileReference; lastKnownFileType = sourcecode.swift; path = CategorySectionView.swift; sourceTree = "<group>"; };
		41A2F1DF2D86BD2E006C467C /* MainTabView.swift */ = {isa = PBXFileReference; lastKnownFileType = sourcecode.swift; path = MainTabView.swift; sourceTree = "<group>"; };
		41A4C2EA2DB0B3FF00190216 /* ZoneRepository.swift */ = {isa = PBXFileReference; lastKnownFileType = sourcecode.swift; path = ZoneRepository.swift; sourceTree = "<group>"; };
		41A4C2EC2DB0B42200190216 /* APIZoneRepository.swift */ = {isa = PBXFileReference; lastKnownFileType = sourcecode.swift; path = APIZoneRepository.swift; sourceTree = "<group>"; };
		41A4C2EE2DB0B6F000190216 /* AuthRepository.swift */ = {isa = PBXFileReference; lastKnownFileType = sourcecode.swift; path = AuthRepository.swift; sourceTree = "<group>"; };
		41A4C2F22DB0B73800190216 /* APIAuthRepository.swift */ = {isa = PBXFileReference; lastKnownFileType = sourcecode.swift; path = APIAuthRepository.swift; sourceTree = "<group>"; };
		41A4D5202D8C69B1006EDEBA /* OrderAcceptedView.swift */ = {isa = PBXFileReference; lastKnownFileType = sourcecode.swift; path = OrderAcceptedView.swift; sourceTree = "<group>"; };
		41A4D5262D8C7151006EDEBA /* CartView.swift */ = {isa = PBXFileReference; lastKnownFileType = sourcecode.swift; path = CartView.swift; sourceTree = "<group>"; };
		41D32C712D853AC500D08D54 /* Podfile */ = {isa = PBXFileReference; lastKnownFileType = text; path = Podfile; sourceTree = "<group>"; xcLanguageSpecificationIdentifier = xcode.lang.ruby; };
		41DBA0252DB404D000841B2A /* ProductRepository.swift */ = {isa = PBXFileReference; lastKnownFileType = sourcecode.swift; path = ProductRepository.swift; sourceTree = "<group>"; };
		41DBA0272DB4050600841B2A /* APIProductRepository.swift */ = {isa = PBXFileReference; lastKnownFileType = sourcecode.swift; path = APIProductRepository.swift; sourceTree = "<group>"; };
		41DBA0292DB4053000841B2A /* TagRepository.swift */ = {isa = PBXFileReference; lastKnownFileType = sourcecode.swift; path = TagRepository.swift; sourceTree = "<group>"; };
		41DBA02B2DB4055D00841B2A /* APITagRepository.swift */ = {isa = PBXFileReference; lastKnownFileType = sourcecode.swift; path = APITagRepository.swift; sourceTree = "<group>"; };
		43701770524729CEF4EF2407 /* Pods_LastBite_LastBiteUITests.framework */ = {isa = PBXFileReference; explicitFileType = wrapper.framework; includeInIndex = 0; path = Pods_LastBite_LastBiteUITests.framework; sourceTree = BUILT_PRODUCTS_DIR; };
		483BAD0D8AAD3B21B2716729 /* Pods-LastBiteTests.debug.xcconfig */ = {isa = PBXFileReference; includeInIndex = 1; lastKnownFileType = text.xcconfig; name = "Pods-LastBiteTests.debug.xcconfig"; path = "Target Support Files/Pods-LastBiteTests/Pods-LastBiteTests.debug.xcconfig"; sourceTree = "<group>"; };
		92980C0455F4A31759E3C7E1 /* Pods-LastBiteTests.release.xcconfig */ = {isa = PBXFileReference; includeInIndex = 1; lastKnownFileType = text.xcconfig; name = "Pods-LastBiteTests.release.xcconfig"; path = "Target Support Files/Pods-LastBiteTests/Pods-LastBiteTests.release.xcconfig"; sourceTree = "<group>"; };
		A9A5D0E6CCD2D6A91A26926D /* Pods-LastBite.debug.xcconfig */ = {isa = PBXFileReference; includeInIndex = 1; lastKnownFileType = text.xcconfig; name = "Pods-LastBite.debug.xcconfig"; path = "Target Support Files/Pods-LastBite/Pods-LastBite.debug.xcconfig"; sourceTree = "<group>"; };
		D9CCE84FDE38B30F5FD8C7FC /* Pods-LastBite.release.xcconfig */ = {isa = PBXFileReference; includeInIndex = 1; lastKnownFileType = text.xcconfig; name = "Pods-LastBite.release.xcconfig"; path = "Target Support Files/Pods-LastBite/Pods-LastBite.release.xcconfig"; sourceTree = "<group>"; };
		DE11E7082D793C1000EB9862 /* LastBite.app */ = {isa = PBXFileReference; explicitFileType = wrapper.application; includeInIndex = 0; path = LastBite.app; sourceTree = BUILT_PRODUCTS_DIR; };
		DE11E70B2D793C1000EB9862 /* LastBiteApp.swift */ = {isa = PBXFileReference; lastKnownFileType = sourcecode.swift; path = LastBiteApp.swift; sourceTree = "<group>"; };
		DE11E70D2D793C1000EB9862 /* ContentView.swift */ = {isa = PBXFileReference; lastKnownFileType = sourcecode.swift; path = ContentView.swift; sourceTree = "<group>"; };
		DE11E70F2D793C1200EB9862 /* Assets.xcassets */ = {isa = PBXFileReference; lastKnownFileType = folder.assetcatalog; path = Assets.xcassets; sourceTree = "<group>"; };
		DE11E7122D793C1200EB9862 /* Preview Assets.xcassets */ = {isa = PBXFileReference; lastKnownFileType = folder.assetcatalog; path = "Preview Assets.xcassets"; sourceTree = "<group>"; };
		DE11E7182D793C1200EB9862 /* LastBiteTests.xctest */ = {isa = PBXFileReference; explicitFileType = wrapper.cfbundle; includeInIndex = 0; path = LastBiteTests.xctest; sourceTree = BUILT_PRODUCTS_DIR; };
		DE11E71C2D793C1200EB9862 /* LastBiteTests.swift */ = {isa = PBXFileReference; lastKnownFileType = sourcecode.swift; path = LastBiteTests.swift; sourceTree = "<group>"; };
		DE11E7222D793C1200EB9862 /* LastBiteUITests.xctest */ = {isa = PBXFileReference; explicitFileType = wrapper.cfbundle; includeInIndex = 0; path = LastBiteUITests.xctest; sourceTree = BUILT_PRODUCTS_DIR; };
		DE11E7262D793C1200EB9862 /* LastBiteUITests.swift */ = {isa = PBXFileReference; lastKnownFileType = sourcecode.swift; path = LastBiteUITests.swift; sourceTree = "<group>"; };
		DE11E7282D793C1200EB9862 /* LastBiteUITestsLaunchTests.swift */ = {isa = PBXFileReference; lastKnownFileType = sourcecode.swift; path = LastBiteUITestsLaunchTests.swift; sourceTree = "<group>"; };
		DE11E7362D793D7500EB9862 /* SplashScreenView.swift */ = {isa = PBXFileReference; lastKnownFileType = sourcecode.swift; path = SplashScreenView.swift; sourceTree = "<group>"; };
		DE11E7382D793DB600EB9862 /* WelcomeView.swift */ = {isa = PBXFileReference; lastKnownFileType = sourcecode.swift; path = WelcomeView.swift; sourceTree = "<group>"; };
		DE2ACE052D7B4F7800A7D749 /* PhoneNumberView.swift */ = {isa = PBXFileReference; lastKnownFileType = sourcecode.swift; path = PhoneNumberView.swift; sourceTree = "<group>"; };
		DE2ACE0B2D7BC8AE00A7D749 /* ColorManager.swift */ = {isa = PBXFileReference; lastKnownFileType = sourcecode.swift; path = ColorManager.swift; sourceTree = "<group>"; };
		DE2ACE0D2D7BD28C00A7D749 /* FourDigitCode.swift */ = {isa = PBXFileReference; lastKnownFileType = sourcecode.swift; path = FourDigitCode.swift; sourceTree = "<group>"; };
		DE2ACE0F2D7BD74800A7D749 /* LocationView.swift */ = {isa = PBXFileReference; lastKnownFileType = sourcecode.swift; path = LocationView.swift; sourceTree = "<group>"; };
		DE4F751D2D794F4800F20D45 /* SignupView.swift */ = {isa = PBXFileReference; lastKnownFileType = sourcecode.swift; path = SignupView.swift; sourceTree = "<group>"; };
		DE5BA1502DBC994400477A43 /* ProductType.swift */ = {isa = PBXFileReference; lastKnownFileType = sourcecode.swift; path = ProductType.swift; sourceTree = "<group>"; };
		DE6292182DB880BB005B81A0 /* KFImageView.swift */ = {isa = PBXFileReference; lastKnownFileType = sourcecode.swift; path = KFImageView.swift; sourceTree = "<group>"; };
		DE62921C2DB9D383005B81A0 /* CreateProductView.swift */ = {isa = PBXFileReference; lastKnownFileType = sourcecode.swift; path = CreateProductView.swift; sourceTree = "<group>"; };
		DE62921E2DB9DED8005B81A0 /* ProductCreateRequest.swift */ = {isa = PBXFileReference; lastKnownFileType = sourcecode.swift; path = ProductCreateRequest.swift; sourceTree = "<group>"; };
		DE6292202DB9E821005B81A0 /* FireBaseService.swift */ = {isa = PBXFileReference; lastKnownFileType = sourcecode.swift; path = FireBaseService.swift; sourceTree = "<group>"; };
		DE678C962D8BA06B004485D2 /* StoreService.swift */ = {isa = PBXFileReference; lastKnownFileType = sourcecode.swift; path = StoreService.swift; sourceTree = "<group>"; };
		DE678C9A2D8BA92B004485D2 /* ProductView.swift */ = {isa = PBXFileReference; lastKnownFileType = sourcecode.swift; path = ProductView.swift; sourceTree = "<group>"; };
		DE678C9C2D8BAB47004485D2 /* ProductService.swift */ = {isa = PBXFileReference; lastKnownFileType = sourcecode.swift; path = ProductService.swift; sourceTree = "<group>"; };
		DE678CA02D8BBBD8004485D2 /* TagService.swift */ = {isa = PBXFileReference; lastKnownFileType = sourcecode.swift; path = TagService.swift; sourceTree = "<group>"; };
		DE678CA52D8BC29A004485D2 /* LocationManager.swift */ = {isa = PBXFileReference; lastKnownFileType = sourcecode.swift; path = LocationManager.swift; sourceTree = "<group>"; };
		DE678CA72D8C7FB2004485D2 /* GoogleService-Info.plist */ = {isa = PBXFileReference; lastKnownFileType = text.plist.xml; path = "GoogleService-Info.plist"; sourceTree = "<group>"; };
		DE678CAB2D8CE217004485D2 /* CartService.swift */ = {isa = PBXFileReference; lastKnownFileType = sourcecode.swift; path = CartService.swift; sourceTree = "<group>"; };
		DE678CAF2D8CE36A004485D2 /* CartProductService.swift */ = {isa = PBXFileReference; lastKnownFileType = sourcecode.swift; path = CartProductService.swift; sourceTree = "<group>"; };
		DE678CB72D8E4D06004485D2 /* OrderService.swift */ = {isa = PBXFileReference; lastKnownFileType = sourcecode.swift; path = OrderService.swift; sourceTree = "<group>"; };
		DEC0D35E2D7BE5DD0006D9B4 /* SigninView.swift */ = {isa = PBXFileReference; lastKnownFileType = sourcecode.swift; path = SigninView.swift; sourceTree = "<group>"; };
		DEC0D3682D7C038B0006D9B4 /* FinalSignUp.swift */ = {isa = PBXFileReference; lastKnownFileType = sourcecode.swift; path = FinalSignUp.swift; sourceTree = "<group>"; };
		DEC0D36F2D8105E00006D9B4 /* Constants.swift */ = {isa = PBXFileReference; lastKnownFileType = sourcecode.swift; path = Constants.swift; sourceTree = "<group>"; };
		DEC0D3772D8108B50006D9B4 /* ZoneService.swift */ = {isa = PBXFileReference; lastKnownFileType = sourcecode.swift; path = ZoneService.swift; sourceTree = "<group>"; };
		DEC0D37F2D810C120006D9B4 /* SignupUserService.swift */ = {isa = PBXFileReference; lastKnownFileType = sourcecode.swift; path = SignupUserService.swift; sourceTree = "<group>"; };
		DEC0D3832D8125030006D9B4 /* SigninUserService.swift */ = {isa = PBXFileReference; lastKnownFileType = sourcecode.swift; path = SigninUserService.swift; sourceTree = "<group>"; };
		EA49284CA19DAC2A478FBBF0 /* Pods_LastBite.framework */ = {isa = PBXFileReference; explicitFileType = wrapper.framework; includeInIndex = 0; path = Pods_LastBite.framework; sourceTree = BUILT_PRODUCTS_DIR; };
		EB2EC236CA2AB824464BED0B /* Pods_LastBiteTests.framework */ = {isa = PBXFileReference; explicitFileType = wrapper.framework; includeInIndex = 0; path = Pods_LastBiteTests.framework; sourceTree = BUILT_PRODUCTS_DIR; };
		EF7CBFA9BDDA536AAB128359 /* Pods-LastBite-LastBiteUITests.debug.xcconfig */ = {isa = PBXFileReference; includeInIndex = 1; lastKnownFileType = text.xcconfig; name = "Pods-LastBite-LastBiteUITests.debug.xcconfig"; path = "Target Support Files/Pods-LastBite-LastBiteUITests/Pods-LastBite-LastBiteUITests.debug.xcconfig"; sourceTree = "<group>"; };
/* End PBXFileReference section */

/* Begin PBXFrameworksBuildPhase section */
		DE11E7052D793C1000EB9862 /* Frameworks */ = {
			isa = PBXFrameworksBuildPhase;
			buildActionMask = 2147483647;
			files = (
				2D0566345A0980C82C1F4659 /* Pods_LastBite.framework in Frameworks */,
			);
			runOnlyForDeploymentPostprocessing = 0;
		};
		DE11E7152D793C1200EB9862 /* Frameworks */ = {
			isa = PBXFrameworksBuildPhase;
			buildActionMask = 2147483647;
			files = (
				ADEDA1C84A26254439006DCC /* Pods_LastBiteTests.framework in Frameworks */,
			);
			runOnlyForDeploymentPostprocessing = 0;
		};
		DE11E71F2D793C1200EB9862 /* Frameworks */ = {
			isa = PBXFrameworksBuildPhase;
			buildActionMask = 2147483647;
			files = (
				860DE9F73C917DEE422C954B /* Pods_LastBite_LastBiteUITests.framework in Frameworks */,
			);
			runOnlyForDeploymentPostprocessing = 0;
		};
/* End PBXFrameworksBuildPhase section */

/* Begin PBXGroup section */
		410991DB2DAEA3D3002B6270 /* Auth */ = {
			isa = PBXGroup;
			children = (
				DE11E7382D793DB600EB9862 /* WelcomeView.swift */,
				DEC0D35E2D7BE5DD0006D9B4 /* SigninView.swift */,
				416BFA392D8E6EC5006C77E1 /* LogoutView.swift */,
				DE2ACE112D7BDD0200A7D749 /* Signup */,
			);
			path = Auth;
			sourceTree = "<group>";
		};
		410991DC2DAEA422002B6270 /* Home */ = {
			isa = PBXGroup;
			children = (
				41A2F1CD2D86A32D006C467C /* HomeView.swift */,
			);
			path = Home;
			sourceTree = "<group>";
		};
		410991DD2DAEA43C002B6270 /* Products */ = {
			isa = PBXGroup;
			children = (
				DE62921C2DB9D383005B81A0 /* CreateProductView.swift */,
				DE678C9A2D8BA92B004485D2 /* ProductView.swift */,
				4100F2992D8911A9007FE254 /* ProductDetailView.swift */,
			);
			path = Products;
			sourceTree = "<group>";
		};
		410991DE2DAEA458002B6270 /* Cart */ = {
			isa = PBXGroup;
			children = (
				41A4D5262D8C7151006EDEBA /* CartView.swift */,
			);
			path = Cart;
			sourceTree = "<group>";
		};
		410991DF2DAEA468002B6270 /* Checkout */ = {
			isa = PBXGroup;
			children = (
				417CD0B52DAD7B1B00D63DFA /* CheckoutView.swift */,
				41A4D5202D8C69B1006EDEBA /* OrderAcceptedView.swift */,
				416BFA362D8E28B5006C77E1 /* OrderStatusView.swift */,
			);
			path = Checkout;
			sourceTree = "<group>";
		};
		410991E02DAEA48F002B6270 /* Core */ = {
			isa = PBXGroup;
			children = (
				DE11E70D2D793C1000EB9862 /* ContentView.swift */,
				41A2F1DF2D86BD2E006C467C /* MainTabView.swift */,
				DE11E7362D793D7500EB9862 /* SplashScreenView.swift */,
			);
			path = Core;
			sourceTree = "<group>";
		};
		410991E12DAEA4E4002B6270 /* Categories */ = {
			isa = PBXGroup;
			children = (
				41A2F1DB2D86B9E0006C467C /* CategoryItemView.swift */,
				41A2F1DD2D86BA0C006C467C /* CategorySectionView.swift */,
			);
			path = Categories;
			sourceTree = "<group>";
		};
		410991E42DAEDE82002B6270 /* Repositories */ = {
			isa = PBXGroup;
			children = (
				410991E82DAF2F0C002B6270 /* Implementations */,
				410991E52DAEDE8E002B6270 /* Protocols */,
			);
			path = Repositories;
			sourceTree = "<group>";
		};
		410991E52DAEDE8E002B6270 /* Protocols */ = {
			isa = PBXGroup;
			children = (
				410991E62DAF2E2A002B6270 /* StoreRepository.swift */,
				410991EB2DAF31C8002B6270 /* OrderRepository.swift */,
				410991F32DAF39BD002B6270 /* CartProtocol.swift */,
				41A4C2EA2DB0B3FF00190216 /* ZoneRepository.swift */,
				41A4C2EE2DB0B6F000190216 /* AuthRepository.swift */,
				41DBA0252DB404D000841B2A /* ProductRepository.swift */,
				41DBA0292DB4053000841B2A /* TagRepository.swift */,
			);
			path = Protocols;
			sourceTree = "<group>";
		};
		410991E82DAF2F0C002B6270 /* Implementations */ = {
			isa = PBXGroup;
			children = (
				4193FD032DBA0CB500A1C18E /* Hybrid */,
				4193FCF82DB9C50500A1C18E /* API */,
				4193FCF32DB9C38100A1C18E /* Local */,
			);
			path = Implementations;
			sourceTree = "<group>";
		};
		417CD0912DAD57D700D63DFA /* Controllers */ = {
			isa = PBXGroup;
			children = (
				417CD0A72DAD6E7100D63DFA /* HomeController.swift */,
				417CD0AB2DAD720E00D63DFA /* SigninController.swift */,
				417CD0AF2DAD74F100D63DFA /* CartController.swift */,
				417CD0B32DAD772000D63DFA /* CheckoutController.swift */,
				417CD0B72DADA63D00D63DFA /* ProductController.swift */,
				417CD0B92DADDE4100D63DFA /* LocationController.swift */,
				417CD0BB2DADFF2000D63DFA /* FourDigitCodeController.swift */,
				410991D12DAE9A7E002B6270 /* PhoneNumberController.swift */,
				410991D32DAE9B4E002B6270 /* SignupController.swift */,
				410991D52DAE9C27002B6270 /* FinalSignUpController.swift */,
				410991D72DAE9E2D002B6270 /* WelcomeController.swift */,
				410991D92DAE9F9E002B6270 /* ProductDetailController.swift */,
			);
			path = Controllers;
			sourceTree = "<group>";
		};
		417CD0A62DAD6D5400D63DFA /* Helpers */ = {
			isa = PBXGroup;
			children = (
				DE678CA52D8BC29A004485D2 /* LocationManager.swift */,
				410991E22DAED631002B6270 /* ServiceError.swift */,
				4129DC0A2DBB02C0003E70B4 /* NetworkMonitor.swift */,
			);
			path = Helpers;
			sourceTree = "<group>";
		};
		4193FCF32DB9C38100A1C18E /* Local */ = {
			isa = PBXGroup;
			children = (
				4193FCF42DB9C3AA00A1C18E /* LocalCartRepository.swift */,
			);
			path = Local;
			sourceTree = "<group>";
		};
		4193FCF72DB9C4E600A1C18E /* Persistence */ = {
			isa = PBXGroup;
			children = (
				4193FCF92DB9C54400A1C18E /* RealmCart.swift */,
				4193FCFB2DB9C56800A1C18E /* RealmCartItem.swift */,
				4193FD012DB9EBBB00A1C18E /* RealmCartProduct.swift */,
			);
			path = Persistence;
			sourceTree = "<group>";
		};
		4193FCF82DB9C50500A1C18E /* API */ = {
			isa = PBXGroup;
			children = (
				410991E92DAF2F3B002B6270 /* APIStoreRepository.swift */,
				410991ED2DAF31E1002B6270 /* APIOrderRepository.swift */,
				410991F52DAF3A06002B6270 /* APICartRepository.swift */,
				41A4C2EC2DB0B42200190216 /* APIZoneRepository.swift */,
				41A4C2F22DB0B73800190216 /* APIAuthRepository.swift */,
				41DBA0272DB4050600841B2A /* APIProductRepository.swift */,
				41DBA02B2DB4055D00841B2A /* APITagRepository.swift */,
			);
			path = API;
			sourceTree = "<group>";
		};
		4193FD032DBA0CB500A1C18E /* Hybrid */ = {
			isa = PBXGroup;
			children = (
				4193FD042DBA0CC600A1C18E /* HybridCartRepository.swift */,
			);
			path = Hybrid;
			sourceTree = "<group>";
		};
		41A2F1D72D86B96D006C467C /* Models */ = {
			isa = PBXGroup;
			children = (
				DE5BA1502DBC994400477A43 /* ProductType.swift */,
				DE62921E2DB9DED8005B81A0 /* ProductCreateRequest.swift */,
				417CD0942DAD627800D63DFA /* Area.swift */,
				417CD09E2DAD62F900D63DFA /* Cart.swift */,
				417CD0B12DAD753D00D63DFA /* CartItem.swift */,
				417CD0A02DAD631A00D63DFA /* CartProduct.swift */,
				41A2F1D82D86B9A0006C467C /* CategoryItemData.swift */,
				417CD0A22DAD632C00D63DFA /* DetailedCartProduct.swift */,
				417CD0A42DAD635600D63DFA /* Order.swift */,
				417CD09A2DAD62DA00D63DFA /* Product.swift */,
				417CD0982DAD62D000D63DFA /* Store.swift */,
				417CD09C2DAD62EF00D63DFA /* Tag.swift */,
				417CD0962DAD62B900D63DFA /* User.swift */,
				417CD0922DAD626200D63DFA /* Zone.swift */,
				4193FCF72DB9C4E600A1C18E /* Persistence */,
			);
			path = Models;
			sourceTree = "<group>";
		};
		B312962D6BFC9EE4D5DEC579 /* Frameworks */ = {
			isa = PBXGroup;
			children = (
				EA49284CA19DAC2A478FBBF0 /* Pods_LastBite.framework */,
				43701770524729CEF4EF2407 /* Pods_LastBite_LastBiteUITests.framework */,
				EB2EC236CA2AB824464BED0B /* Pods_LastBiteTests.framework */,
			);
			name = Frameworks;
			sourceTree = "<group>";
		};
		DE11E6FF2D793C1000EB9862 = {
			isa = PBXGroup;
			children = (
				DE678CA72D8C7FB2004485D2 /* GoogleService-Info.plist */,
				41A2F1D32D86AAA6006C467C /* Info.plist */,
				41D32C712D853AC500D08D54 /* Podfile */,
				DE11E70A2D793C1000EB9862 /* LastBite */,
				DE11E71B2D793C1200EB9862 /* LastBiteTests */,
				DE11E7252D793C1200EB9862 /* LastBiteUITests */,
				DE11E7092D793C1000EB9862 /* Products */,
				E555CBDC9A1169B6F57F6AFC /* Pods */,
				B312962D6BFC9EE4D5DEC579 /* Frameworks */,
			);
			sourceTree = "<group>";
		};
		DE11E7092D793C1000EB9862 /* Products */ = {
			isa = PBXGroup;
			children = (
				DE11E7082D793C1000EB9862 /* LastBite.app */,
				DE11E7182D793C1200EB9862 /* LastBiteTests.xctest */,
				DE11E7222D793C1200EB9862 /* LastBiteUITests.xctest */,
			);
			name = Products;
			sourceTree = "<group>";
		};
		DE11E70A2D793C1000EB9862 /* LastBite */ = {
			isa = PBXGroup;
			children = (
				DE6292172DB880A7005B81A0 /* Caching */,
				410991E42DAEDE82002B6270 /* Repositories */,
				41A2F1D72D86B96D006C467C /* Models */,
				DEC0D36A2D80F84B0006D9B4 /* Services */,
				417CD0912DAD57D700D63DFA /* Controllers */,
				DE11E7352D793D3800EB9862 /* Views */,
				DE11E70B2D793C1000EB9862 /* LastBiteApp.swift */,
				DE2ACE0B2D7BC8AE00A7D749 /* ColorManager.swift */,
				DEC0D36F2D8105E00006D9B4 /* Constants.swift */,
				417CD0A62DAD6D5400D63DFA /* Helpers */,
				DE11E70F2D793C1200EB9862 /* Assets.xcassets */,
				DE11E7112D793C1200EB9862 /* Preview Content */,
			);
			path = LastBite;
			sourceTree = "<group>";
		};
		DE11E7112D793C1200EB9862 /* Preview Content */ = {
			isa = PBXGroup;
			children = (
				DE11E7122D793C1200EB9862 /* Preview Assets.xcassets */,
			);
			path = "Preview Content";
			sourceTree = "<group>";
		};
		DE11E71B2D793C1200EB9862 /* LastBiteTests */ = {
			isa = PBXGroup;
			children = (
				DE11E71C2D793C1200EB9862 /* LastBiteTests.swift */,
			);
			path = LastBiteTests;
			sourceTree = "<group>";
		};
		DE11E7252D793C1200EB9862 /* LastBiteUITests */ = {
			isa = PBXGroup;
			children = (
				DE11E7262D793C1200EB9862 /* LastBiteUITests.swift */,
				DE11E7282D793C1200EB9862 /* LastBiteUITestsLaunchTests.swift */,
			);
			path = LastBiteUITests;
			sourceTree = "<group>";
		};
		DE11E7352D793D3800EB9862 /* Views */ = {
			isa = PBXGroup;
			children = (
				410991E12DAEA4E4002B6270 /* Categories */,
				410991E02DAEA48F002B6270 /* Core */,
				410991DF2DAEA468002B6270 /* Checkout */,
				410991DE2DAEA458002B6270 /* Cart */,
				410991DD2DAEA43C002B6270 /* Products */,
				410991DC2DAEA422002B6270 /* Home */,
				410991DB2DAEA3D3002B6270 /* Auth */,
			);
			path = Views;
			sourceTree = "<group>";
		};
		DE2ACE112D7BDD0200A7D749 /* Signup */ = {
			isa = PBXGroup;
			children = (
				DEC0D3682D7C038B0006D9B4 /* FinalSignUp.swift */,
				DE4F751D2D794F4800F20D45 /* SignupView.swift */,
				DE2ACE052D7B4F7800A7D749 /* PhoneNumberView.swift */,
				DE2ACE0D2D7BD28C00A7D749 /* FourDigitCode.swift */,
				DE2ACE0F2D7BD74800A7D749 /* LocationView.swift */,
			);
			path = Signup;
			sourceTree = "<group>";
		};
		DE6292172DB880A7005B81A0 /* Caching */ = {
			isa = PBXGroup;
			children = (
				DE6292182DB880BB005B81A0 /* KFImageView.swift */,
			);
			path = Caching;
			sourceTree = "<group>";
		};
		DEC0D36A2D80F84B0006D9B4 /* Services */ = {
			isa = PBXGroup;
			children = (
				DE6292202DB9E821005B81A0 /* FireBaseService.swift */,
				DE678CB72D8E4D06004485D2 /* OrderService.swift */,
				DE678CAF2D8CE36A004485D2 /* CartProductService.swift */,
				DE678CAB2D8CE217004485D2 /* CartService.swift */,
				DE678CA02D8BBBD8004485D2 /* TagService.swift */,
				DE678C9C2D8BAB47004485D2 /* ProductService.swift */,
				DE678C962D8BA06B004485D2 /* StoreService.swift */,
				DEC0D3832D8125030006D9B4 /* SigninUserService.swift */,
				DEC0D37F2D810C120006D9B4 /* SignupUserService.swift */,
				DEC0D3772D8108B50006D9B4 /* ZoneService.swift */,
			);
			path = Services;
			sourceTree = "<group>";
		};
		E555CBDC9A1169B6F57F6AFC /* Pods */ = {
			isa = PBXGroup;
			children = (
				A9A5D0E6CCD2D6A91A26926D /* Pods-LastBite.debug.xcconfig */,
				D9CCE84FDE38B30F5FD8C7FC /* Pods-LastBite.release.xcconfig */,
				EF7CBFA9BDDA536AAB128359 /* Pods-LastBite-LastBiteUITests.debug.xcconfig */,
				03F148106758A64FEFEF9607 /* Pods-LastBite-LastBiteUITests.release.xcconfig */,
				483BAD0D8AAD3B21B2716729 /* Pods-LastBiteTests.debug.xcconfig */,
				92980C0455F4A31759E3C7E1 /* Pods-LastBiteTests.release.xcconfig */,
			);
			path = Pods;
			sourceTree = "<group>";
		};
/* End PBXGroup section */

/* Begin PBXNativeTarget section */
		DE11E7072D793C1000EB9862 /* LastBite */ = {
			isa = PBXNativeTarget;
			buildConfigurationList = DE11E72C2D793C1200EB9862 /* Build configuration list for PBXNativeTarget "LastBite" */;
			buildPhases = (
				652E1DF4FA044291CA364643 /* [CP] Check Pods Manifest.lock */,
				DE11E7042D793C1000EB9862 /* Sources */,
				DE11E7052D793C1000EB9862 /* Frameworks */,
				DE11E7062D793C1000EB9862 /* Resources */,
				75EB7A09F76452E9736BBF54 /* [CP] Embed Pods Frameworks */,
			);
			buildRules = (
			);
			dependencies = (
			);
			name = LastBite;
			productName = LastBite;
			productReference = DE11E7082D793C1000EB9862 /* LastBite.app */;
			productType = "com.apple.product-type.application";
		};
		DE11E7172D793C1200EB9862 /* LastBiteTests */ = {
			isa = PBXNativeTarget;
			buildConfigurationList = DE11E72F2D793C1200EB9862 /* Build configuration list for PBXNativeTarget "LastBiteTests" */;
			buildPhases = (
				7B093ED98C3B32AAA8F9903F /* [CP] Check Pods Manifest.lock */,
				DE11E7142D793C1200EB9862 /* Sources */,
				DE11E7152D793C1200EB9862 /* Frameworks */,
				DE11E7162D793C1200EB9862 /* Resources */,
			);
			buildRules = (
			);
			dependencies = (
				DE11E71A2D793C1200EB9862 /* PBXTargetDependency */,
			);
			name = LastBiteTests;
			productName = LastBiteTests;
			productReference = DE11E7182D793C1200EB9862 /* LastBiteTests.xctest */;
			productType = "com.apple.product-type.bundle.unit-test";
		};
		DE11E7212D793C1200EB9862 /* LastBiteUITests */ = {
			isa = PBXNativeTarget;
			buildConfigurationList = DE11E7322D793C1200EB9862 /* Build configuration list for PBXNativeTarget "LastBiteUITests" */;
			buildPhases = (
				8ECD06AECF92DCF77A0443F1 /* [CP] Check Pods Manifest.lock */,
				DE11E71E2D793C1200EB9862 /* Sources */,
				DE11E71F2D793C1200EB9862 /* Frameworks */,
				DE11E7202D793C1200EB9862 /* Resources */,
				653AFFE82B98A521ED12F2CD /* [CP] Embed Pods Frameworks */,
			);
			buildRules = (
			);
			dependencies = (
				DE11E7242D793C1200EB9862 /* PBXTargetDependency */,
			);
			name = LastBiteUITests;
			productName = LastBiteUITests;
			productReference = DE11E7222D793C1200EB9862 /* LastBiteUITests.xctest */;
			productType = "com.apple.product-type.bundle.ui-testing";
		};
/* End PBXNativeTarget section */

/* Begin PBXProject section */
		DE11E7002D793C1000EB9862 /* Project object */ = {
			isa = PBXProject;
			attributes = {
				BuildIndependentTargetsInParallel = 1;
				LastSwiftUpdateCheck = 1420;
				LastUpgradeCheck = 1420;
				TargetAttributes = {
					DE11E7072D793C1000EB9862 = {
						CreatedOnToolsVersion = 14.2;
					};
					DE11E7172D793C1200EB9862 = {
						CreatedOnToolsVersion = 14.2;
						TestTargetID = DE11E7072D793C1000EB9862;
					};
					DE11E7212D793C1200EB9862 = {
						CreatedOnToolsVersion = 14.2;
						TestTargetID = DE11E7072D793C1000EB9862;
					};
				};
			};
			buildConfigurationList = DE11E7032D793C1000EB9862 /* Build configuration list for PBXProject "LastBite" */;
			compatibilityVersion = "Xcode 14.0";
			developmentRegion = en;
			hasScannedForEncodings = 0;
			knownRegions = (
				en,
				Base,
			);
			mainGroup = DE11E6FF2D793C1000EB9862;
			productRefGroup = DE11E7092D793C1000EB9862 /* Products */;
			projectDirPath = "";
			projectRoot = "";
			targets = (
				DE11E7072D793C1000EB9862 /* LastBite */,
				DE11E7172D793C1200EB9862 /* LastBiteTests */,
				DE11E7212D793C1200EB9862 /* LastBiteUITests */,
			);
		};
/* End PBXProject section */

/* Begin PBXResourcesBuildPhase section */
		DE11E7062D793C1000EB9862 /* Resources */ = {
			isa = PBXResourcesBuildPhase;
			buildActionMask = 2147483647;
			files = (
				DE11E7132D793C1200EB9862 /* Preview Assets.xcassets in Resources */,
				DE678CA92D8C7FB2004485D2 /* GoogleService-Info.plist in Resources */,
				41D32C722D853AC500D08D54 /* Podfile in Resources */,
				DE11E7102D793C1200EB9862 /* Assets.xcassets in Resources */,
			);
			runOnlyForDeploymentPostprocessing = 0;
		};
		DE11E7162D793C1200EB9862 /* Resources */ = {
			isa = PBXResourcesBuildPhase;
			buildActionMask = 2147483647;
			files = (
				41A2F1D62D86AAA6006C467C /* Info.plist in Resources */,
				DE678CAA2D8C7FB2004485D2 /* GoogleService-Info.plist in Resources */,
				41D32C732D853AC500D08D54 /* Podfile in Resources */,
				DE11E7782D7947EE00EB9862 /* Assets.xcassets in Resources */,
			);
			runOnlyForDeploymentPostprocessing = 0;
		};
		DE11E7202D793C1200EB9862 /* Resources */ = {
			isa = PBXResourcesBuildPhase;
			buildActionMask = 2147483647;
			files = (
				41A2F1D52D86AAA6006C467C /* Info.plist in Resources */,
				DE678CA82D8C7FB2004485D2 /* GoogleService-Info.plist in Resources */,
				41D32C742D853AC500D08D54 /* Podfile in Resources */,
				DE11E7792D7947EF00EB9862 /* Assets.xcassets in Resources */,
			);
			runOnlyForDeploymentPostprocessing = 0;
		};
/* End PBXResourcesBuildPhase section */

/* Begin PBXShellScriptBuildPhase section */
		652E1DF4FA044291CA364643 /* [CP] Check Pods Manifest.lock */ = {
			isa = PBXShellScriptBuildPhase;
			buildActionMask = 2147483647;
			files = (
			);
			inputFileListPaths = (
			);
			inputPaths = (
				"${PODS_PODFILE_DIR_PATH}/Podfile.lock",
				"${PODS_ROOT}/Manifest.lock",
			);
			name = "[CP] Check Pods Manifest.lock";
			outputFileListPaths = (
			);
			outputPaths = (
				"$(DERIVED_FILE_DIR)/Pods-LastBite-checkManifestLockResult.txt",
			);
			runOnlyForDeploymentPostprocessing = 0;
			shellPath = /bin/sh;
			shellScript = "diff \"${PODS_PODFILE_DIR_PATH}/Podfile.lock\" \"${PODS_ROOT}/Manifest.lock\" > /dev/null\nif [ $? != 0 ] ; then\n    # print error to STDERR\n    echo \"error: The sandbox is not in sync with the Podfile.lock. Run 'pod install' or update your CocoaPods installation.\" >&2\n    exit 1\nfi\n# This output is used by Xcode 'outputs' to avoid re-running this script phase.\necho \"SUCCESS\" > \"${SCRIPT_OUTPUT_FILE_0}\"\n";
			showEnvVarsInLog = 0;
		};
		653AFFE82B98A521ED12F2CD /* [CP] Embed Pods Frameworks */ = {
			isa = PBXShellScriptBuildPhase;
			buildActionMask = 2147483647;
			files = (
			);
			inputFileListPaths = (
				"${PODS_ROOT}/Target Support Files/Pods-LastBite-LastBiteUITests/Pods-LastBite-LastBiteUITests-frameworks-${CONFIGURATION}-input-files.xcfilelist",
			);
			inputPaths = (
			);
			name = "[CP] Embed Pods Frameworks";
			outputFileListPaths = (
				"${PODS_ROOT}/Target Support Files/Pods-LastBite-LastBiteUITests/Pods-LastBite-LastBiteUITests-frameworks-${CONFIGURATION}-output-files.xcfilelist",
			);
			outputPaths = (
			);
			runOnlyForDeploymentPostprocessing = 0;
			shellPath = /bin/sh;
			shellScript = "\"${PODS_ROOT}/Target Support Files/Pods-LastBite-LastBiteUITests/Pods-LastBite-LastBiteUITests-frameworks.sh\"\n";
			showEnvVarsInLog = 0;
		};
		75EB7A09F76452E9736BBF54 /* [CP] Embed Pods Frameworks */ = {
			isa = PBXShellScriptBuildPhase;
			buildActionMask = 2147483647;
			files = (
			);
			inputFileListPaths = (
				"${PODS_ROOT}/Target Support Files/Pods-LastBite/Pods-LastBite-frameworks-${CONFIGURATION}-input-files.xcfilelist",
			);
			inputPaths = (
			);
			name = "[CP] Embed Pods Frameworks";
			outputFileListPaths = (
				"${PODS_ROOT}/Target Support Files/Pods-LastBite/Pods-LastBite-frameworks-${CONFIGURATION}-output-files.xcfilelist",
			);
			outputPaths = (
			);
			runOnlyForDeploymentPostprocessing = 0;
			shellPath = /bin/sh;
			shellScript = "\"${PODS_ROOT}/Target Support Files/Pods-LastBite/Pods-LastBite-frameworks.sh\"\n";
			showEnvVarsInLog = 0;
		};
		7B093ED98C3B32AAA8F9903F /* [CP] Check Pods Manifest.lock */ = {
			isa = PBXShellScriptBuildPhase;
			buildActionMask = 2147483647;
			files = (
			);
			inputFileListPaths = (
			);
			inputPaths = (
				"${PODS_PODFILE_DIR_PATH}/Podfile.lock",
				"${PODS_ROOT}/Manifest.lock",
			);
			name = "[CP] Check Pods Manifest.lock";
			outputFileListPaths = (
			);
			outputPaths = (
				"$(DERIVED_FILE_DIR)/Pods-LastBiteTests-checkManifestLockResult.txt",
			);
			runOnlyForDeploymentPostprocessing = 0;
			shellPath = /bin/sh;
			shellScript = "diff \"${PODS_PODFILE_DIR_PATH}/Podfile.lock\" \"${PODS_ROOT}/Manifest.lock\" > /dev/null\nif [ $? != 0 ] ; then\n    # print error to STDERR\n    echo \"error: The sandbox is not in sync with the Podfile.lock. Run 'pod install' or update your CocoaPods installation.\" >&2\n    exit 1\nfi\n# This output is used by Xcode 'outputs' to avoid re-running this script phase.\necho \"SUCCESS\" > \"${SCRIPT_OUTPUT_FILE_0}\"\n";
			showEnvVarsInLog = 0;
		};
		8ECD06AECF92DCF77A0443F1 /* [CP] Check Pods Manifest.lock */ = {
			isa = PBXShellScriptBuildPhase;
			buildActionMask = 2147483647;
			files = (
			);
			inputFileListPaths = (
			);
			inputPaths = (
				"${PODS_PODFILE_DIR_PATH}/Podfile.lock",
				"${PODS_ROOT}/Manifest.lock",
			);
			name = "[CP] Check Pods Manifest.lock";
			outputFileListPaths = (
			);
			outputPaths = (
				"$(DERIVED_FILE_DIR)/Pods-LastBite-LastBiteUITests-checkManifestLockResult.txt",
			);
			runOnlyForDeploymentPostprocessing = 0;
			shellPath = /bin/sh;
			shellScript = "diff \"${PODS_PODFILE_DIR_PATH}/Podfile.lock\" \"${PODS_ROOT}/Manifest.lock\" > /dev/null\nif [ $? != 0 ] ; then\n    # print error to STDERR\n    echo \"error: The sandbox is not in sync with the Podfile.lock. Run 'pod install' or update your CocoaPods installation.\" >&2\n    exit 1\nfi\n# This output is used by Xcode 'outputs' to avoid re-running this script phase.\necho \"SUCCESS\" > \"${SCRIPT_OUTPUT_FILE_0}\"\n";
			showEnvVarsInLog = 0;
		};
/* End PBXShellScriptBuildPhase section */

/* Begin PBXSourcesBuildPhase section */
		DE11E7042D793C1000EB9862 /* Sources */ = {
			isa = PBXSourcesBuildPhase;
			buildActionMask = 2147483647;
			files = (
				DE62921F2DB9DEE0005B81A0 /* ProductCreateRequest.swift in Sources */,
				DE2ACE0C2D7BC8B600A7D749 /* ColorManager.swift in Sources */,
				DEC0D3692D7C03960006D9B4 /* FinalSignUp.swift in Sources */,
				410991E32DAED631002B6270 /* ServiceError.swift in Sources */,
				417CD0932DAD626200D63DFA /* Zone.swift in Sources */,
				417CD0AC2DAD720E00D63DFA /* SigninController.swift in Sources */,
				DE4F751E2D794F4800F20D45 /* SignupView.swift in Sources */,
				DE678CAD2D8CE21B004485D2 /* CartService.swift in Sources */,
				41A2F1DC2D86B9E0006C467C /* CategoryItemView.swift in Sources */,
				DEC0D35F2D7BE5E30006D9B4 /* SigninView.swift in Sources */,
				DE6292212DB9E828005B81A0 /* FireBaseService.swift in Sources */,
				410991F42DAF39BD002B6270 /* CartProtocol.swift in Sources */,
				41A2F1D92D86B9A0006C467C /* CategoryItemData.swift in Sources */,
				410991EC2DAF31C8002B6270 /* OrderRepository.swift in Sources */,
				41A4C2ED2DB0B42200190216 /* APIZoneRepository.swift in Sources */,
				410991EE2DAF31E1002B6270 /* APIOrderRepository.swift in Sources */,
				410991EA2DAF2F3B002B6270 /* APIStoreRepository.swift in Sources */,
				DE6292192DB880D8005B81A0 /* KFImageView.swift in Sources */,
				41A4D5212D8C69B1006EDEBA /* OrderAcceptedView.swift in Sources */,
				416BFA3A2D8E6EC5006C77E1 /* LogoutView.swift in Sources */,
				DE678CB12D8CE376004485D2 /* CartProductService.swift in Sources */,
				417CD0B42DAD772000D63DFA /* CheckoutController.swift in Sources */,
				417CD0B82DADA63D00D63DFA /* ProductController.swift in Sources */,
				DE678CA22D8BBBDC004485D2 /* TagService.swift in Sources */,
				4193FCFA2DB9C54400A1C18E /* RealmCart.swift in Sources */,
				DE11E70E2D793C1000EB9862 /* ContentView.swift in Sources */,
				416BFA372D8E28B5006C77E1 /* OrderStatusView.swift in Sources */,
				417CD0A82DAD6E7100D63DFA /* HomeController.swift in Sources */,
				DE2ACE062D7B4FAC00A7D749 /* PhoneNumberView.swift in Sources */,
				4100F29A2D8911A9007FE254 /* ProductDetailView.swift in Sources */,
				417CD0BC2DADFF2000D63DFA /* FourDigitCodeController.swift in Sources */,
				DEC0D3812D810C1C0006D9B4 /* SignupUserService.swift in Sources */,
				41DBA02A2DB4053000841B2A /* TagRepository.swift in Sources */,
				DEC0D3722D8105ED0006D9B4 /* Constants.swift in Sources */,
				4193FD022DB9EBBB00A1C18E /* RealmCartProduct.swift in Sources */,
				DE678CA62D8BC2A5004485D2 /* LocationManager.swift in Sources */,
				DE678C9B2D8BA930004485D2 /* ProductView.swift in Sources */,
				417CD0A32DAD632C00D63DFA /* DetailedCartProduct.swift in Sources */,
				417CD0B02DAD74F100D63DFA /* CartController.swift in Sources */,
				4129DC0B2DBB02C0003E70B4 /* NetworkMonitor.swift in Sources */,
				41A2F1DE2D86BA0C006C467C /* CategorySectionView.swift in Sources */,
				41A4C2F32DB0B73800190216 /* APIAuthRepository.swift in Sources */,
				DE11E70C2D793C1000EB9862 /* LastBiteApp.swift in Sources */,
				DE678C972D8BA070004485D2 /* StoreService.swift in Sources */,
				417CD0972DAD62B900D63DFA /* User.swift in Sources */,
				41A4C2EF2DB0B6F000190216 /* AuthRepository.swift in Sources */,
				417CD0A52DAD635600D63DFA /* Order.swift in Sources */,
				DEC0D37A2D8108BD0006D9B4 /* ZoneService.swift in Sources */,
				410991D42DAE9B4E002B6270 /* SignupController.swift in Sources */,
				410991DA2DAE9F9E002B6270 /* ProductDetailController.swift in Sources */,
				DE11E7372D793D7500EB9862 /* SplashScreenView.swift in Sources */,
				DE678C9F2D8BAB4F004485D2 /* ProductService.swift in Sources */,
				417CD09F2DAD62F900D63DFA /* Cart.swift in Sources */,
				41DBA02C2DB4055D00841B2A /* APITagRepository.swift in Sources */,
				417CD0B22DAD753D00D63DFA /* CartItem.swift in Sources */,
				DE2ACE0E2D7BD29300A7D749 /* FourDigitCode.swift in Sources */,
				410991E72DAF2E2A002B6270 /* StoreRepository.swift in Sources */,
				41A4D5272D8C7151006EDEBA /* CartView.swift in Sources */,
				41DBA0262DB404D000841B2A /* ProductRepository.swift in Sources */,
				DEC0D3842D81250A0006D9B4 /* SigninUserService.swift in Sources */,
				41A2F1CE2D86A32D006C467C /* HomeView.swift in Sources */,
				417CD09D2DAD62EF00D63DFA /* Tag.swift in Sources */,
				DE2ACE102D7BD74D00A7D749 /* LocationView.swift in Sources */,
				417CD0992DAD62D000D63DFA /* Store.swift in Sources */,
				4193FCF52DB9C3AA00A1C18E /* LocalCartRepository.swift in Sources */,
				41DBA0282DB4050600841B2A /* APIProductRepository.swift in Sources */,
				DE62921D2DB9D38D005B81A0 /* CreateProductView.swift in Sources */,
				410991D22DAE9A7E002B6270 /* PhoneNumberController.swift in Sources */,
				DE11E7392D793DB600EB9862 /* WelcomeView.swift in Sources */,
				41A2F1E02D86BD2E006C467C /* MainTabView.swift in Sources */,
				410991F62DAF3A06002B6270 /* APICartRepository.swift in Sources */,
				417CD0952DAD627800D63DFA /* Area.swift in Sources */,
				417CD0B62DAD7B1B00D63DFA /* CheckoutView.swift in Sources */,
				410991D82DAE9E2D002B6270 /* WelcomeController.swift in Sources */,
				417CD0A12DAD631A00D63DFA /* CartProduct.swift in Sources */,
				DE5BA1512DBC994E00477A43 /* ProductType.swift in Sources */,
				410991D62DAE9C27002B6270 /* FinalSignUpController.swift in Sources */,
				41A4C2EB2DB0B3FF00190216 /* ZoneRepository.swift in Sources */,
				4193FD052DBA0CC600A1C18E /* HybridCartRepository.swift in Sources */,
				4193FCFC2DB9C56800A1C18E /* RealmCartItem.swift in Sources */,
				DE678CBA2D8E4D0A004485D2 /* OrderService.swift in Sources */,
				417CD0BA2DADDE4100D63DFA /* LocationController.swift in Sources */,
				417CD09B2DAD62DA00D63DFA /* Product.swift in Sources */,
			);
			runOnlyForDeploymentPostprocessing = 0;
		};
		DE11E7142D793C1200EB9862 /* Sources */ = {
			isa = PBXSourcesBuildPhase;
			buildActionMask = 2147483647;
			files = (
				DE6292222DB9E828005B81A0 /* FireBaseService.swift in Sources */,
				DEC0D3852D81250A0006D9B4 /* SigninUserService.swift in Sources */,
				DE678C9D2D8BAB4F004485D2 /* ProductService.swift in Sources */,
				DE678CB82D8E4D0A004485D2 /* OrderService.swift in Sources */,
				DEC0D3782D8108BD0006D9B4 /* ZoneService.swift in Sources */,
				DE678CB22D8CE376004485D2 /* CartProductService.swift in Sources */,
				DE678CAC2D8CE21B004485D2 /* CartService.swift in Sources */,
				DE4F751F2D794F4800F20D45 /* SignupView.swift in Sources */,
				DE11E71D2D793C1200EB9862 /* LastBiteTests.swift in Sources */,
				DEC0D3712D8105ED0006D9B4 /* Constants.swift in Sources */,
				DE678C992D8BA070004485D2 /* StoreService.swift in Sources */,
				DEC0D3822D810C1C0006D9B4 /* SignupUserService.swift in Sources */,
				DE678CA12D8BBBDC004485D2 /* TagService.swift in Sources */,
			);
			runOnlyForDeploymentPostprocessing = 0;
		};
		DE11E71E2D793C1200EB9862 /* Sources */ = {
			isa = PBXSourcesBuildPhase;
			buildActionMask = 2147483647;
			files = (
				DE678CAE2D8CE21B004485D2 /* CartService.swift in Sources */,
				DEC0D3702D8105ED0006D9B4 /* Constants.swift in Sources */,
				DE4F75202D794F4800F20D45 /* SignupView.swift in Sources */,
				DEC0D3862D81250A0006D9B4 /* SigninUserService.swift in Sources */,
				DE678C982D8BA070004485D2 /* StoreService.swift in Sources */,
				DE11E7292D793C1200EB9862 /* LastBiteUITestsLaunchTests.swift in Sources */,
				DEC0D3792D8108BD0006D9B4 /* ZoneService.swift in Sources */,
				DE678CB02D8CE376004485D2 /* CartProductService.swift in Sources */,
				DE678CB92D8E4D0A004485D2 /* OrderService.swift in Sources */,
				DE678CA32D8BBBDC004485D2 /* TagService.swift in Sources */,
				DE6292232DB9E828005B81A0 /* FireBaseService.swift in Sources */,
				DEC0D3802D810C1C0006D9B4 /* SignupUserService.swift in Sources */,
				DE11E7272D793C1200EB9862 /* LastBiteUITests.swift in Sources */,
				DE678C9E2D8BAB4F004485D2 /* ProductService.swift in Sources */,
			);
			runOnlyForDeploymentPostprocessing = 0;
		};
/* End PBXSourcesBuildPhase section */

/* Begin PBXTargetDependency section */
		DE11E71A2D793C1200EB9862 /* PBXTargetDependency */ = {
			isa = PBXTargetDependency;
			target = DE11E7072D793C1000EB9862 /* LastBite */;
			targetProxy = DE11E7192D793C1200EB9862 /* PBXContainerItemProxy */;
		};
		DE11E7242D793C1200EB9862 /* PBXTargetDependency */ = {
			isa = PBXTargetDependency;
			target = DE11E7072D793C1000EB9862 /* LastBite */;
			targetProxy = DE11E7232D793C1200EB9862 /* PBXContainerItemProxy */;
		};
/* End PBXTargetDependency section */

/* Begin XCBuildConfiguration section */
		DE11E72A2D793C1200EB9862 /* Debug */ = {
			isa = XCBuildConfiguration;
			buildSettings = {
				ALWAYS_SEARCH_USER_PATHS = NO;
				CLANG_ANALYZER_NONNULL = YES;
				CLANG_ANALYZER_NUMBER_OBJECT_CONVERSION = YES_AGGRESSIVE;
				CLANG_CXX_LANGUAGE_STANDARD = "gnu++20";
				CLANG_ENABLE_MODULES = YES;
				CLANG_ENABLE_OBJC_ARC = YES;
				CLANG_ENABLE_OBJC_WEAK = YES;
				CLANG_WARN_BLOCK_CAPTURE_AUTORELEASING = YES;
				CLANG_WARN_BOOL_CONVERSION = YES;
				CLANG_WARN_COMMA = YES;
				CLANG_WARN_CONSTANT_CONVERSION = YES;
				CLANG_WARN_DEPRECATED_OBJC_IMPLEMENTATIONS = YES;
				CLANG_WARN_DIRECT_OBJC_ISA_USAGE = YES_ERROR;
				CLANG_WARN_DOCUMENTATION_COMMENTS = YES;
				CLANG_WARN_EMPTY_BODY = YES;
				CLANG_WARN_ENUM_CONVERSION = YES;
				CLANG_WARN_INFINITE_RECURSION = YES;
				CLANG_WARN_INT_CONVERSION = YES;
				CLANG_WARN_NON_LITERAL_NULL_CONVERSION = YES;
				CLANG_WARN_OBJC_IMPLICIT_RETAIN_SELF = YES;
				CLANG_WARN_OBJC_LITERAL_CONVERSION = YES;
				CLANG_WARN_OBJC_ROOT_CLASS = YES_ERROR;
				CLANG_WARN_QUOTED_INCLUDE_IN_FRAMEWORK_HEADER = YES;
				CLANG_WARN_RANGE_LOOP_ANALYSIS = YES;
				CLANG_WARN_STRICT_PROTOTYPES = YES;
				CLANG_WARN_SUSPICIOUS_MOVE = YES;
				CLANG_WARN_UNGUARDED_AVAILABILITY = YES_AGGRESSIVE;
				CLANG_WARN_UNREACHABLE_CODE = YES;
				CLANG_WARN__DUPLICATE_METHOD_MATCH = YES;
				COPY_PHASE_STRIP = NO;
				DEBUG_INFORMATION_FORMAT = dwarf;
				ENABLE_STRICT_OBJC_MSGSEND = YES;
				ENABLE_TESTABILITY = YES;
				GCC_C_LANGUAGE_STANDARD = gnu11;
				GCC_DYNAMIC_NO_PIC = NO;
				GCC_NO_COMMON_BLOCKS = YES;
				GCC_OPTIMIZATION_LEVEL = 0;
				GCC_PREPROCESSOR_DEFINITIONS = (
					"DEBUG=1",
					"$(inherited)",
				);
				GCC_WARN_64_TO_32_BIT_CONVERSION = YES;
				GCC_WARN_ABOUT_RETURN_TYPE = YES_ERROR;
				GCC_WARN_UNDECLARED_SELECTOR = YES;
				GCC_WARN_UNINITIALIZED_AUTOS = YES_AGGRESSIVE;
				GCC_WARN_UNUSED_FUNCTION = YES;
				GCC_WARN_UNUSED_VARIABLE = YES;
				IPHONEOS_DEPLOYMENT_TARGET = 16.2;
				MTL_ENABLE_DEBUG_INFO = INCLUDE_SOURCE;
				MTL_FAST_MATH = YES;
				ONLY_ACTIVE_ARCH = YES;
				SDKROOT = iphoneos;
				SWIFT_ACTIVE_COMPILATION_CONDITIONS = DEBUG;
				SWIFT_OPTIMIZATION_LEVEL = "-Onone";
			};
			name = Debug;
		};
		DE11E72B2D793C1200EB9862 /* Release */ = {
			isa = XCBuildConfiguration;
			buildSettings = {
				ALWAYS_SEARCH_USER_PATHS = NO;
				CLANG_ANALYZER_NONNULL = YES;
				CLANG_ANALYZER_NUMBER_OBJECT_CONVERSION = YES_AGGRESSIVE;
				CLANG_CXX_LANGUAGE_STANDARD = "gnu++20";
				CLANG_ENABLE_MODULES = YES;
				CLANG_ENABLE_OBJC_ARC = YES;
				CLANG_ENABLE_OBJC_WEAK = YES;
				CLANG_WARN_BLOCK_CAPTURE_AUTORELEASING = YES;
				CLANG_WARN_BOOL_CONVERSION = YES;
				CLANG_WARN_COMMA = YES;
				CLANG_WARN_CONSTANT_CONVERSION = YES;
				CLANG_WARN_DEPRECATED_OBJC_IMPLEMENTATIONS = YES;
				CLANG_WARN_DIRECT_OBJC_ISA_USAGE = YES_ERROR;
				CLANG_WARN_DOCUMENTATION_COMMENTS = YES;
				CLANG_WARN_EMPTY_BODY = YES;
				CLANG_WARN_ENUM_CONVERSION = YES;
				CLANG_WARN_INFINITE_RECURSION = YES;
				CLANG_WARN_INT_CONVERSION = YES;
				CLANG_WARN_NON_LITERAL_NULL_CONVERSION = YES;
				CLANG_WARN_OBJC_IMPLICIT_RETAIN_SELF = YES;
				CLANG_WARN_OBJC_LITERAL_CONVERSION = YES;
				CLANG_WARN_OBJC_ROOT_CLASS = YES_ERROR;
				CLANG_WARN_QUOTED_INCLUDE_IN_FRAMEWORK_HEADER = YES;
				CLANG_WARN_RANGE_LOOP_ANALYSIS = YES;
				CLANG_WARN_STRICT_PROTOTYPES = YES;
				CLANG_WARN_SUSPICIOUS_MOVE = YES;
				CLANG_WARN_UNGUARDED_AVAILABILITY = YES_AGGRESSIVE;
				CLANG_WARN_UNREACHABLE_CODE = YES;
				CLANG_WARN__DUPLICATE_METHOD_MATCH = YES;
				COPY_PHASE_STRIP = NO;
				DEBUG_INFORMATION_FORMAT = "dwarf-with-dsym";
				ENABLE_NS_ASSERTIONS = NO;
				ENABLE_STRICT_OBJC_MSGSEND = YES;
				GCC_C_LANGUAGE_STANDARD = gnu11;
				GCC_NO_COMMON_BLOCKS = YES;
				GCC_WARN_64_TO_32_BIT_CONVERSION = YES;
				GCC_WARN_ABOUT_RETURN_TYPE = YES_ERROR;
				GCC_WARN_UNDECLARED_SELECTOR = YES;
				GCC_WARN_UNINITIALIZED_AUTOS = YES_AGGRESSIVE;
				GCC_WARN_UNUSED_FUNCTION = YES;
				GCC_WARN_UNUSED_VARIABLE = YES;
				IPHONEOS_DEPLOYMENT_TARGET = 16.2;
				MTL_ENABLE_DEBUG_INFO = NO;
				MTL_FAST_MATH = YES;
				SDKROOT = iphoneos;
				SWIFT_COMPILATION_MODE = wholemodule;
				SWIFT_OPTIMIZATION_LEVEL = "-O";
				VALIDATE_PRODUCT = YES;
			};
			name = Release;
		};
		DE11E72D2D793C1200EB9862 /* Debug */ = {
			isa = XCBuildConfiguration;
			baseConfigurationReference = A9A5D0E6CCD2D6A91A26926D /* Pods-LastBite.debug.xcconfig */;
			buildSettings = {
				ASSETCATALOG_COMPILER_APPICON_NAME = AppIcon;
				ASSETCATALOG_COMPILER_GLOBAL_ACCENT_COLOR_NAME = AccentColor;
				CODE_SIGN_STYLE = Automatic;
				CURRENT_PROJECT_VERSION = 1;
				DEVELOPMENT_ASSET_PATHS = "\"LastBite/Preview Content\"";
				DEVELOPMENT_TEAM = 585XBRU6ZG;
				ENABLE_PREVIEWS = YES;
				GENERATE_INFOPLIST_FILE = NO;
				INFOPLIST_FILE = Info.plist;
				INFOPLIST_KEY_UIApplicationSceneManifest_Generation = YES;
				INFOPLIST_KEY_UIApplicationSupportsIndirectInputEvents = YES;
				INFOPLIST_KEY_UILaunchScreen_Generation = YES;
				INFOPLIST_KEY_UISupportedInterfaceOrientations_iPad = "UIInterfaceOrientationPortrait UIInterfaceOrientationPortraitUpsideDown UIInterfaceOrientationLandscapeLeft UIInterfaceOrientationLandscapeRight";
				INFOPLIST_KEY_UISupportedInterfaceOrientations_iPhone = "UIInterfaceOrientationPortrait UIInterfaceOrientationLandscapeLeft UIInterfaceOrientationLandscapeRight";
				LD_RUNPATH_SEARCH_PATHS = (
					"$(inherited)",
					"@executable_path/Frameworks",
				);
				MARKETING_VERSION = 1.0;
				PRODUCT_BUNDLE_IDENTIFIER = co.uniandes.LastBiteV2;
				PRODUCT_NAME = "$(TARGET_NAME)";
				SWIFT_EMIT_LOC_STRINGS = YES;
				SWIFT_VERSION = 5.0;
				TARGETED_DEVICE_FAMILY = "1,2";
			};
			name = Debug;
		};
		DE11E72E2D793C1200EB9862 /* Release */ = {
			isa = XCBuildConfiguration;
			baseConfigurationReference = D9CCE84FDE38B30F5FD8C7FC /* Pods-LastBite.release.xcconfig */;
			buildSettings = {
				ASSETCATALOG_COMPILER_APPICON_NAME = AppIcon;
				ASSETCATALOG_COMPILER_GLOBAL_ACCENT_COLOR_NAME = AccentColor;
				CODE_SIGN_STYLE = Automatic;
				CURRENT_PROJECT_VERSION = 1;
				DEVELOPMENT_ASSET_PATHS = "\"LastBite/Preview Content\"";
				DEVELOPMENT_TEAM = 585XBRU6ZG;
				ENABLE_PREVIEWS = YES;
				GENERATE_INFOPLIST_FILE = NO;
				INFOPLIST_FILE = Info.plist;
				INFOPLIST_KEY_UIApplicationSceneManifest_Generation = YES;
				INFOPLIST_KEY_UIApplicationSupportsIndirectInputEvents = YES;
				INFOPLIST_KEY_UILaunchScreen_Generation = YES;
				INFOPLIST_KEY_UISupportedInterfaceOrientations_iPad = "UIInterfaceOrientationPortrait UIInterfaceOrientationPortraitUpsideDown UIInterfaceOrientationLandscapeLeft UIInterfaceOrientationLandscapeRight";
				INFOPLIST_KEY_UISupportedInterfaceOrientations_iPhone = "UIInterfaceOrientationPortrait UIInterfaceOrientationLandscapeLeft UIInterfaceOrientationLandscapeRight";
				LD_RUNPATH_SEARCH_PATHS = (
					"$(inherited)",
					"@executable_path/Frameworks",
				);
				MARKETING_VERSION = 1.0;
				PRODUCT_BUNDLE_IDENTIFIER = co.uniandes.LastBiteV2;
				PRODUCT_NAME = "$(TARGET_NAME)";
				SWIFT_EMIT_LOC_STRINGS = YES;
				SWIFT_VERSION = 5.0;
				TARGETED_DEVICE_FAMILY = "1,2";
			};
			name = Release;
		};
		DE11E7302D793C1200EB9862 /* Debug */ = {
			isa = XCBuildConfiguration;
			baseConfigurationReference = 483BAD0D8AAD3B21B2716729 /* Pods-LastBiteTests.debug.xcconfig */;
			buildSettings = {
				ALWAYS_EMBED_SWIFT_STANDARD_LIBRARIES = YES;
				BUNDLE_LOADER = "$(TEST_HOST)";
				CODE_SIGN_STYLE = Automatic;
				CURRENT_PROJECT_VERSION = 1;
				DEVELOPMENT_TEAM = 585XBRU6ZG;
				GENERATE_INFOPLIST_FILE = YES;
				IPHONEOS_DEPLOYMENT_TARGET = 16.2;
				MARKETING_VERSION = 1.0;
				PRODUCT_BUNDLE_IDENTIFIER = co.uniandes.LastBiteTests;
				PRODUCT_NAME = "$(TARGET_NAME)";
				SWIFT_EMIT_LOC_STRINGS = NO;
				SWIFT_VERSION = 5.0;
				TARGETED_DEVICE_FAMILY = "1,2";
				TEST_HOST = "$(BUILT_PRODUCTS_DIR)/LastBite.app/$(BUNDLE_EXECUTABLE_FOLDER_PATH)/LastBite";
			};
			name = Debug;
		};
		DE11E7312D793C1200EB9862 /* Release */ = {
			isa = XCBuildConfiguration;
			baseConfigurationReference = 92980C0455F4A31759E3C7E1 /* Pods-LastBiteTests.release.xcconfig */;
			buildSettings = {
				ALWAYS_EMBED_SWIFT_STANDARD_LIBRARIES = YES;
				BUNDLE_LOADER = "$(TEST_HOST)";
				CODE_SIGN_STYLE = Automatic;
				CURRENT_PROJECT_VERSION = 1;
				DEVELOPMENT_TEAM = 585XBRU6ZG;
				GENERATE_INFOPLIST_FILE = YES;
				IPHONEOS_DEPLOYMENT_TARGET = 16.2;
				MARKETING_VERSION = 1.0;
				PRODUCT_BUNDLE_IDENTIFIER = co.uniandes.LastBiteTests;
				PRODUCT_NAME = "$(TARGET_NAME)";
				SWIFT_EMIT_LOC_STRINGS = NO;
				SWIFT_VERSION = 5.0;
				TARGETED_DEVICE_FAMILY = "1,2";
				TEST_HOST = "$(BUILT_PRODUCTS_DIR)/LastBite.app/$(BUNDLE_EXECUTABLE_FOLDER_PATH)/LastBite";
			};
			name = Release;
		};
		DE11E7332D793C1200EB9862 /* Debug */ = {
			isa = XCBuildConfiguration;
			baseConfigurationReference = EF7CBFA9BDDA536AAB128359 /* Pods-LastBite-LastBiteUITests.debug.xcconfig */;
			buildSettings = {
				ALWAYS_EMBED_SWIFT_STANDARD_LIBRARIES = YES;
				CODE_SIGN_STYLE = Automatic;
				CURRENT_PROJECT_VERSION = 1;
				DEVELOPMENT_TEAM = 585XBRU6ZG;
				GENERATE_INFOPLIST_FILE = YES;
				MARKETING_VERSION = 1.0;
				PRODUCT_BUNDLE_IDENTIFIER = co.uniandes.LastBiteUITests;
				PRODUCT_NAME = "$(TARGET_NAME)";
				SWIFT_EMIT_LOC_STRINGS = NO;
				SWIFT_VERSION = 5.0;
				TARGETED_DEVICE_FAMILY = "1,2";
				TEST_TARGET_NAME = LastBite;
			};
			name = Debug;
		};
		DE11E7342D793C1200EB9862 /* Release */ = {
			isa = XCBuildConfiguration;
			baseConfigurationReference = 03F148106758A64FEFEF9607 /* Pods-LastBite-LastBiteUITests.release.xcconfig */;
			buildSettings = {
				ALWAYS_EMBED_SWIFT_STANDARD_LIBRARIES = YES;
				CODE_SIGN_STYLE = Automatic;
				CURRENT_PROJECT_VERSION = 1;
				DEVELOPMENT_TEAM = 585XBRU6ZG;
				GENERATE_INFOPLIST_FILE = YES;
				MARKETING_VERSION = 1.0;
				PRODUCT_BUNDLE_IDENTIFIER = co.uniandes.LastBiteUITests;
				PRODUCT_NAME = "$(TARGET_NAME)";
				SWIFT_EMIT_LOC_STRINGS = NO;
				SWIFT_VERSION = 5.0;
				TARGETED_DEVICE_FAMILY = "1,2";
				TEST_TARGET_NAME = LastBite;
			};
			name = Release;
		};
/* End XCBuildConfiguration section */

/* Begin XCConfigurationList section */
		DE11E7032D793C1000EB9862 /* Build configuration list for PBXProject "LastBite" */ = {
			isa = XCConfigurationList;
			buildConfigurations = (
				DE11E72A2D793C1200EB9862 /* Debug */,
				DE11E72B2D793C1200EB9862 /* Release */,
			);
			defaultConfigurationIsVisible = 0;
			defaultConfigurationName = Release;
		};
		DE11E72C2D793C1200EB9862 /* Build configuration list for PBXNativeTarget "LastBite" */ = {
			isa = XCConfigurationList;
			buildConfigurations = (
				DE11E72D2D793C1200EB9862 /* Debug */,
				DE11E72E2D793C1200EB9862 /* Release */,
			);
			defaultConfigurationIsVisible = 0;
			defaultConfigurationName = Release;
		};
		DE11E72F2D793C1200EB9862 /* Build configuration list for PBXNativeTarget "LastBiteTests" */ = {
			isa = XCConfigurationList;
			buildConfigurations = (
				DE11E7302D793C1200EB9862 /* Debug */,
				DE11E7312D793C1200EB9862 /* Release */,
			);
			defaultConfigurationIsVisible = 0;
			defaultConfigurationName = Release;
		};
		DE11E7322D793C1200EB9862 /* Build configuration list for PBXNativeTarget "LastBiteUITests" */ = {
			isa = XCConfigurationList;
			buildConfigurations = (
				DE11E7332D793C1200EB9862 /* Debug */,
				DE11E7342D793C1200EB9862 /* Release */,
			);
			defaultConfigurationIsVisible = 0;
			defaultConfigurationName = Release;
		};
/* End XCConfigurationList section */
	};
	rootObject = DE11E7002D793C1000EB9862 /* Project object */;
}
